// !$*UTF8*$!
{
	archiveVersion = 1;
	classes = {
	};
	objectVersion = 46;
	objects = {

/* Begin PBXBuildFile section */
		C7125D8B19072A5B002FA676 /* ServicesViewController.m in Sources */ = {isa = PBXBuildFile; fileRef = C7125D8A19072A5B002FA676 /* ServicesViewController.m */; };
		C7125D8E19072A77002FA676 /* ServicesCell.m in Sources */ = {isa = PBXBuildFile; fileRef = C7125D8D19072A77002FA676 /* ServicesCell.m */; };
		C7284D331C9765890009AA2A /* libsqlite3.tbd in Frameworks */ = {isa = PBXBuildFile; fileRef = C7284D321C9765890009AA2A /* libsqlite3.tbd */; };
		C7284D351C9765950009AA2A /* libz.tbd in Frameworks */ = {isa = PBXBuildFile; fileRef = C7284D341C9765950009AA2A /* libz.tbd */; };
		C7284E1A1C976A070009AA2A /* backendless.a in Frameworks */ = {isa = PBXBuildFile; fileRef = C7284D4F1C976A060009AA2A /* backendless.a */; };
		C7284E1B1C976A070009AA2A /* CommLibiOS.a in Frameworks */ = {isa = PBXBuildFile; fileRef = C7284D931C976A060009AA2A /* CommLibiOS.a */; };
		C7284E1C1C976A070009AA2A /* libavcodec.a in Frameworks */ = {isa = PBXBuildFile; fileRef = C7284DFA1C976A070009AA2A /* libavcodec.a */; };
		C7284E1D1C976A070009AA2A /* libavdevice.a in Frameworks */ = {isa = PBXBuildFile; fileRef = C7284DFB1C976A070009AA2A /* libavdevice.a */; };
		C7284E1E1C976A070009AA2A /* libavfilter.a in Frameworks */ = {isa = PBXBuildFile; fileRef = C7284DFC1C976A070009AA2A /* libavfilter.a */; };
		C7284E1F1C976A070009AA2A /* libavformat.a in Frameworks */ = {isa = PBXBuildFile; fileRef = C7284DFD1C976A070009AA2A /* libavformat.a */; };
		C7284E201C976A070009AA2A /* libavutil.a in Frameworks */ = {isa = PBXBuildFile; fileRef = C7284DFE1C976A070009AA2A /* libavutil.a */; };
		C7284E211C976A070009AA2A /* libswscale.a in Frameworks */ = {isa = PBXBuildFile; fileRef = C7284DFF1C976A070009AA2A /* libswscale.a */; };
		C7284E221C976A070009AA2A /* MediaLibiOS.a in Frameworks */ = {isa = PBXBuildFile; fileRef = C7284E081C976A070009AA2A /* MediaLibiOS.a */; };
		C7284E231C976A070009AA2A /* libspeex.a in Frameworks */ = {isa = PBXBuildFile; fileRef = C7284E131C976A070009AA2A /* libspeex.a */; };
		C7284E241C976A070009AA2A /* libx264.a in Frameworks */ = {isa = PBXBuildFile; fileRef = C7284E191C976A070009AA2A /* libx264.a */; };
		C7284E291C976EBD0009AA2A /* HoursObject.m in Sources */ = {isa = PBXBuildFile; fileRef = C7284E261C976EBD0009AA2A /* HoursObject.m */; };
		C7284E2A1C976EBD0009AA2A /* ServicesObject.m in Sources */ = {isa = PBXBuildFile; fileRef = C7284E281C976EBD0009AA2A /* ServicesObject.m */; };
		C73C97FE18A4734500B8B346 /* Images.xcassets in Resources */ = {isa = PBXBuildFile; fileRef = C73C97FD18A4734500B8B346 /* Images.xcassets */; };
		C73CE9B81794E2670086B9CF /* greenapplelogo.png in Resources */ = {isa = PBXBuildFile; fileRef = C73CE9B71794E2670086B9CF /* greenapplelogo.png */; };
		C73CE9BA1794E2B40086B9CF /* calendar.png in Resources */ = {isa = PBXBuildFile; fileRef = C73CE9B91794E2B40086B9CF /* calendar.png */; };
		C7454C9E18A40C71003CCC34 /* wallpaperblackconcretelong.jpg in Resources */ = {isa = PBXBuildFile; fileRef = C7454C9C18A40C71003CCC34 /* wallpaperblackconcretelong.jpg */; };
		C7454C9F18A40C71003CCC34 /* wallpaperblackconcreteshort.jpg in Resources */ = {isa = PBXBuildFile; fileRef = C7454C9D18A40C71003CCC34 /* wallpaperblackconcreteshort.jpg */; };
		C7454CA718A40DDB003CCC34 /* googlemapsbutton.png in Resources */ = {isa = PBXBuildFile; fileRef = C7454CA618A40DDA003CCC34 /* googlemapsbutton.png */; };
		C7454CA918A40E88003CCC34 /* callkelseyicon2.png in Resources */ = {isa = PBXBuildFile; fileRef = C7454CA818A40E87003CCC34 /* callkelseyicon2.png */; };
		C7454CAB18A40EA3003CCC34 /* galleryicon2.png in Resources */ = {isa = PBXBuildFile; fileRef = C7454CAA18A40EA3003CCC34 /* galleryicon2.png */; };
		C7454CAF18A412E1003CCC34 /* emailkelseybutton3.png in Resources */ = {isa = PBXBuildFile; fileRef = C7454CAE18A412E1003CCC34 /* emailkelseybutton3.png */; };
		C7454CB118A417C1003CCC34 /* hoursopenbw.png in Resources */ = {isa = PBXBuildFile; fileRef = C7454CB018A417C1003CCC34 /* hoursopenbw.png */; };
		C7454CD918A4274E003CCC34 /* Default-568h@2x.png in Resources */ = {isa = PBXBuildFile; fileRef = C7454CD218A4274E003CCC34 /* Default-568h@2x.png */; };
		C7454CDA18A4274E003CCC34 /* Default~iphone.png in Resources */ = {isa = PBXBuildFile; fileRef = C7454CD318A4274E003CCC34 /* Default~iphone.png */; };
		C7454CDB18A4274E003CCC34 /* Default.png in Resources */ = {isa = PBXBuildFile; fileRef = C7454CD418A4274E003CCC34 /* Default.png */; };
		C74A857E1A5C86C600D36356 /* phoneicon.PNG in Resources */ = {isa = PBXBuildFile; fileRef = C74A857D1A5C86C600D36356 /* phoneicon.PNG */; };
		C74D43E5177B6B38003052B2 /* UIKit.framework in Frameworks */ = {isa = PBXBuildFile; fileRef = C74D43E4177B6B38003052B2 /* UIKit.framework */; };
		C74D43E7177B6B38003052B2 /* Foundation.framework in Frameworks */ = {isa = PBXBuildFile; fileRef = C74D43E6177B6B38003052B2 /* Foundation.framework */; };
		C74D43E9177B6B38003052B2 /* CoreGraphics.framework in Frameworks */ = {isa = PBXBuildFile; fileRef = C74D43E8177B6B38003052B2 /* CoreGraphics.framework */; };
		C74D43EF177B6B38003052B2 /* InfoPlist.strings in Resources */ = {isa = PBXBuildFile; fileRef = C74D43ED177B6B38003052B2 /* InfoPlist.strings */; };
		C74D43F1177B6B38003052B2 /* main.m in Sources */ = {isa = PBXBuildFile; fileRef = C74D43F0177B6B38003052B2 /* main.m */; };
		C74D43F5177B6B38003052B2 /* AppDelegate.m in Sources */ = {isa = PBXBuildFile; fileRef = C74D43F4177B6B38003052B2 /* AppDelegate.m */; };
		C74D43FE177B6B38003052B2 /* MainStoryboard.storyboard in Resources */ = {isa = PBXBuildFile; fileRef = C74D43FC177B6B38003052B2 /* MainStoryboard.storyboard */; };
		C74D4401177B6B38003052B2 /* ViewController.m in Sources */ = {isa = PBXBuildFile; fileRef = C74D4400177B6B38003052B2 /* ViewController.m */; };
		C74D4421177B73E6003052B2 /* aboutkelsey5.jpg in Resources */ = {isa = PBXBuildFile; fileRef = C74D4420177B73E6003052B2 /* aboutkelsey5.jpg */; };
		C74D4425177B74F8003052B2 /* hoursopen.png in Resources */ = {isa = PBXBuildFile; fileRef = C74D4424177B74F8003052B2 /* hoursopen.png */; };
		C74D4429177B7D76003052B2 /* services_tab1.jpg in Resources */ = {isa = PBXBuildFile; fileRef = C74D4426177B7D76003052B2 /* services_tab1.jpg */; };
		C74D442A177B7D76003052B2 /* services_tab2.jpg in Resources */ = {isa = PBXBuildFile; fileRef = C74D4427177B7D76003052B2 /* services_tab2.jpg */; };
		C74D442B177B7D76003052B2 /* services_tab3.jpg in Resources */ = {isa = PBXBuildFile; fileRef = C74D4428177B7D76003052B2 /* services_tab3.jpg */; };
		C74D444E177B8BD8003052B2 /* GalleryViewController.m in Sources */ = {isa = PBXBuildFile; fileRef = C74D444D177B8BD8003052B2 /* GalleryViewController.m */; };
		C771DF1C195A0DB500702BA3 /* galleryicon3.png in Resources */ = {isa = PBXBuildFile; fileRef = C771DF1B195A0DB500702BA3 /* galleryicon3.png */; };
		C771DF1E195A0DBB00702BA3 /* servicesbutton1bw.png in Resources */ = {isa = PBXBuildFile; fileRef = C771DF1D195A0DBB00702BA3 /* servicesbutton1bw.png */; };
		C771DF20195A0DC500702BA3 /* ak2.png in Resources */ = {isa = PBXBuildFile; fileRef = C771DF1F195A0DC500702BA3 /* ak2.png */; };
		C771DF22195A0DCA00702BA3 /* calendar2.png in Resources */ = {isa = PBXBuildFile; fileRef = C771DF21195A0DCA00702BA3 /* calendar2.png */; };
		C771DF24195A0EEC00702BA3 /* hoursofoperation.png in Resources */ = {isa = PBXBuildFile; fileRef = C771DF23195A0EEC00702BA3 /* hoursofoperation.png */; };
		C771DF3C195A223C00702BA3 /* k1.jpg in Resources */ = {isa = PBXBuildFile; fileRef = C771DF26195A223C00702BA3 /* k1.jpg */; };
		C771DF3D195A223C00702BA3 /* k2.jpg in Resources */ = {isa = PBXBuildFile; fileRef = C771DF27195A223C00702BA3 /* k2.jpg */; };
		C771DF3E195A223C00702BA3 /* k3.jpg in Resources */ = {isa = PBXBuildFile; fileRef = C771DF28195A223C00702BA3 /* k3.jpg */; };
		C771DF3F195A223C00702BA3 /* k4.png in Resources */ = {isa = PBXBuildFile; fileRef = C771DF29195A223C00702BA3 /* k4.png */; };
		C771DF40195A223C00702BA3 /* sp0.jpg in Resources */ = {isa = PBXBuildFile; fileRef = C771DF2A195A223C00702BA3 /* sp0.jpg */; };
		C771DF41195A223C00702BA3 /* sp1.jpg in Resources */ = {isa = PBXBuildFile; fileRef = C771DF2B195A223C00702BA3 /* sp1.jpg */; };
		C771DF42195A223C00702BA3 /* sp2.jpg in Resources */ = {isa = PBXBuildFile; fileRef = C771DF2C195A223C00702BA3 /* sp2.jpg */; };
		C771DF43195A223C00702BA3 /* sp3.jpg in Resources */ = {isa = PBXBuildFile; fileRef = C771DF2D195A223C00702BA3 /* sp3.jpg */; };
		C771DF44195A223C00702BA3 /* sp4.jpg in Resources */ = {isa = PBXBuildFile; fileRef = C771DF2E195A223C00702BA3 /* sp4.jpg */; };
		C771DF45195A223C00702BA3 /* sp5.jpg in Resources */ = {isa = PBXBuildFile; fileRef = C771DF2F195A223C00702BA3 /* sp5.jpg */; };
		C771DF46195A223C00702BA3 /* sp6.jpg in Resources */ = {isa = PBXBuildFile; fileRef = C771DF30195A223C00702BA3 /* sp6.jpg */; };
		C771DF47195A223C00702BA3 /* sp7.jpeg in Resources */ = {isa = PBXBuildFile; fileRef = C771DF31195A223C00702BA3 /* sp7.jpeg */; };
		C771DF48195A223C00702BA3 /* sp8.jpeg in Resources */ = {isa = PBXBuildFile; fileRef = C771DF32195A223C00702BA3 /* sp8.jpeg */; };
		C771DF49195A223C00702BA3 /* style1.jpg in Resources */ = {isa = PBXBuildFile; fileRef = C771DF33195A223C00702BA3 /* style1.jpg */; };
		C771DF4A195A223C00702BA3 /* style2.jpg in Resources */ = {isa = PBXBuildFile; fileRef = C771DF34195A223C00702BA3 /* style2.jpg */; };
		C771DF4B195A223C00702BA3 /* style3.jpg in Resources */ = {isa = PBXBuildFile; fileRef = C771DF35195A223C00702BA3 /* style3.jpg */; };
		C771DF4C195A223C00702BA3 /* style4.jpg in Resources */ = {isa = PBXBuildFile; fileRef = C771DF36195A223C00702BA3 /* style4.jpg */; };
		C771DF4D195A223C00702BA3 /* style5.jpg in Resources */ = {isa = PBXBuildFile; fileRef = C771DF37195A223C00702BA3 /* style5.jpg */; };
		C771DF4E195A223C00702BA3 /* style6.jpg in Resources */ = {isa = PBXBuildFile; fileRef = C771DF38195A223C00702BA3 /* style6.jpg */; };
		C771DF4F195A223C00702BA3 /* style7.jpg in Resources */ = {isa = PBXBuildFile; fileRef = C771DF39195A223C00702BA3 /* style7.jpg */; };
		C771DF50195A223C00702BA3 /* style8.jpg in Resources */ = {isa = PBXBuildFile; fileRef = C771DF3A195A223C00702BA3 /* style8.jpg */; };
		C771DF51195A223C00702BA3 /* style9.jpg in Resources */ = {isa = PBXBuildFile; fileRef = C771DF3B195A223C00702BA3 /* style9.jpg */; };
		C779BC66178B85BB001734AF /* EventKit.framework in Frameworks */ = {isa = PBXBuildFile; fileRef = C779BC65178B85BB001734AF /* EventKit.framework */; };
		C779BC68178B869B001734AF /* EventKitUI.framework in Frameworks */ = {isa = PBXBuildFile; fileRef = C779BC67178B869B001734AF /* EventKitUI.framework */; };
		C7B402E717DE63F2003CD55B /* servicesbutton1.png in Resources */ = {isa = PBXBuildFile; fileRef = C7B402E617DE63F2003CD55B /* servicesbutton1.png */; };
		C7B402ED17DE68FC003CD55B /* callkelseyicon.png in Resources */ = {isa = PBXBuildFile; fileRef = C7B402EC17DE68FC003CD55B /* callkelseyicon.png */; };
		C7E009861906EF7C00A52F98 /* AudioToolbox.framework in Frameworks */ = {isa = PBXBuildFile; fileRef = C7E009851906EF7C00A52F98 /* AudioToolbox.framework */; };
		C7E009881906EF8B00A52F98 /* CFNetwork.framework in Frameworks */ = {isa = PBXBuildFile; fileRef = C7E009871906EF8B00A52F98 /* CFNetwork.framework */; };
		C7E0098A1906EFAA00A52F98 /* CoreLocation.framework in Frameworks */ = {isa = PBXBuildFile; fileRef = C7E009891906EFAA00A52F98 /* CoreLocation.framework */; };
		C7E0098E1906EFC700A52F98 /* MobileCoreServices.framework in Frameworks */ = {isa = PBXBuildFile; fileRef = C7E0098D1906EFC700A52F98 /* MobileCoreServices.framework */; };
		C7E009901906EFD100A52F98 /* QuartzCore.framework in Frameworks */ = {isa = PBXBuildFile; fileRef = C7E0098F1906EFD100A52F98 /* QuartzCore.framework */; };
		C7E009921906EFDB00A52F98 /* Security.framework in Frameworks */ = {isa = PBXBuildFile; fileRef = C7E009911906EFDB00A52F98 /* Security.framework */; };
		C7E009961906EFFB00A52F98 /* SystemConfiguration.framework in Frameworks */ = {isa = PBXBuildFile; fileRef = C7E009951906EFFB00A52F98 /* SystemConfiguration.framework */; };
		C7E0099C1906F63200A52F98 /* ScheduleCell.m in Sources */ = {isa = PBXBuildFile; fileRef = C7E0099B1906F63200A52F98 /* ScheduleCell.m */; };
		C7E0099F1906F6F700A52F98 /* ScheduleViewController.m in Sources */ = {isa = PBXBuildFile; fileRef = C7E0099E1906F6F700A52F98 /* ScheduleViewController.m */; };
		C7F5346C1AB3574700CC8538 /* khappointmentbutton.png in Resources */ = {isa = PBXBuildFile; fileRef = C7F5346B1AB3574700CC8538 /* khappointmentbutton.png */; };
		C7F5346F1AB364B600CC8538 /* AppointmentViewController.swift in Sources */ = {isa = PBXBuildFile; fileRef = C7F5346E1AB364B600CC8538 /* AppointmentViewController.swift */; };
		C7F980A117DEB23600A186A2 /* kelseycard.jpg in Resources */ = {isa = PBXBuildFile; fileRef = C7F980A017DEB23600A186A2 /* kelseycard.jpg */; };
		C7F980A417DEC28000A186A2 /* AboutKelseyViewController.m in Sources */ = {isa = PBXBuildFile; fileRef = C7F980A317DEC28000A186A2 /* AboutKelseyViewController.m */; };
/* End PBXBuildFile section */

/* Begin PBXFileReference section */
		C7125D8919072A5B002FA676 /* ServicesViewController.h */ = {isa = PBXFileReference; fileEncoding = 4; lastKnownFileType = sourcecode.c.h; name = ServicesViewController.h; path = ../ServicesViewController.h; sourceTree = "<group>"; };
		C7125D8A19072A5B002FA676 /* ServicesViewController.m */ = {isa = PBXFileReference; fileEncoding = 4; lastKnownFileType = sourcecode.c.objc; name = ServicesViewController.m; path = ../ServicesViewController.m; sourceTree = "<group>"; };
		C7125D8C19072A77002FA676 /* ServicesCell.h */ = {isa = PBXFileReference; fileEncoding = 4; lastKnownFileType = sourcecode.c.h; name = ServicesCell.h; path = ../ServicesCell.h; sourceTree = "<group>"; };
		C7125D8D19072A77002FA676 /* ServicesCell.m */ = {isa = PBXFileReference; fileEncoding = 4; lastKnownFileType = sourcecode.c.objc; name = ServicesCell.m; path = ../ServicesCell.m; sourceTree = "<group>"; };
		C7284D321C9765890009AA2A /* libsqlite3.tbd */ = {isa = PBXFileReference; lastKnownFileType = "sourcecode.text-based-dylib-definition"; name = libsqlite3.tbd; path = usr/lib/libsqlite3.tbd; sourceTree = SDKROOT; };
		C7284D341C9765950009AA2A /* libz.tbd */ = {isa = PBXFileReference; lastKnownFileType = "sourcecode.text-based-dylib-definition"; name = libz.tbd; path = usr/lib/libz.tbd; sourceTree = SDKROOT; };
		C7284D4F1C976A060009AA2A /* backendless.a */ = {isa = PBXFileReference; lastKnownFileType = archive.ar; path = backendless.a; sourceTree = "<group>"; };
		C7284D511C976A060009AA2A /* AbstractProperty.h */ = {isa = PBXFileReference; fileEncoding = 4; lastKnownFileType = sourcecode.c.h; path = AbstractProperty.h; sourceTree = "<group>"; };
		C7284D521C976A060009AA2A /* AbstractQuery.h */ = {isa = PBXFileReference; fileEncoding = 4; lastKnownFileType = sourcecode.c.h; path = AbstractQuery.h; sourceTree = "<group>"; };
		C7284D531C976A060009AA2A /* AtomicCounters.h */ = {isa = PBXFileReference; fileEncoding = 4; lastKnownFileType = sourcecode.c.h; path = AtomicCounters.h; sourceTree = "<group>"; };
		C7284D541C976A060009AA2A /* AtomicCountersFactory.h */ = {isa = PBXFileReference; fileEncoding = 4; lastKnownFileType = sourcecode.c.h; path = AtomicCountersFactory.h; sourceTree = "<group>"; };
		C7284D551C976A060009AA2A /* Backendless-Bridging-Header.h */ = {isa = PBXFileReference; fileEncoding = 4; lastKnownFileType = sourcecode.c.h; path = "Backendless-Bridging-Header.h"; sourceTree = "<group>"; };
		C7284D561C976A060009AA2A /* Backendless-With-Media-Bridging-Header.h */ = {isa = PBXFileReference; fileEncoding = 4; lastKnownFileType = sourcecode.c.h; path = "Backendless-With-Media-Bridging-Header.h"; sourceTree = "<group>"; };
		C7284D571C976A060009AA2A /* Backendless.h */ = {isa = PBXFileReference; fileEncoding = 4; lastKnownFileType = sourcecode.c.h; path = Backendless.h; sourceTree = "<group>"; };
		C7284D581C976A060009AA2A /* BackendlessBeacon.h */ = {isa = PBXFileReference; fileEncoding = 4; lastKnownFileType = sourcecode.c.h; path = BackendlessBeacon.h; sourceTree = "<group>"; };
		C7284D591C976A060009AA2A /* BackendlessCachePolicy.h */ = {isa = PBXFileReference; fileEncoding = 4; lastKnownFileType = sourcecode.c.h; path = BackendlessCachePolicy.h; sourceTree = "<group>"; };
		C7284D5A1C976A060009AA2A /* BackendlessCacheProtocol.h */ = {isa = PBXFileReference; fileEncoding = 4; lastKnownFileType = sourcecode.c.h; path = BackendlessCacheProtocol.h; sourceTree = "<group>"; };
		C7284D5B1C976A060009AA2A /* BackendlessCollection.h */ = {isa = PBXFileReference; fileEncoding = 4; lastKnownFileType = sourcecode.c.h; path = BackendlessCollection.h; sourceTree = "<group>"; };
		C7284D5C1C976A060009AA2A /* BackendlessDataQuery.h */ = {isa = PBXFileReference; fileEncoding = 4; lastKnownFileType = sourcecode.c.h; path = BackendlessDataQuery.h; sourceTree = "<group>"; };
		C7284D5D1C976A060009AA2A /* BackendlessEntity.h */ = {isa = PBXFileReference; fileEncoding = 4; lastKnownFileType = sourcecode.c.h; path = BackendlessEntity.h; sourceTree = "<group>"; };
		C7284D5E1C976A060009AA2A /* BackendlessFile.h */ = {isa = PBXFileReference; fileEncoding = 4; lastKnownFileType = sourcecode.c.h; path = BackendlessFile.h; sourceTree = "<group>"; };
		C7284D5F1C976A060009AA2A /* BackendlessGeoQuery.h */ = {isa = PBXFileReference; fileEncoding = 4; lastKnownFileType = sourcecode.c.h; path = BackendlessGeoQuery.h; sourceTree = "<group>"; };
		C7284D601C976A060009AA2A /* BackendlessSimpleQuery.h */ = {isa = PBXFileReference; fileEncoding = 4; lastKnownFileType = sourcecode.c.h; path = BackendlessSimpleQuery.h; sourceTree = "<group>"; };
		C7284D611C976A060009AA2A /* BackendlessUser.h */ = {isa = PBXFileReference; fileEncoding = 4; lastKnownFileType = sourcecode.c.h; path = BackendlessUser.h; sourceTree = "<group>"; };
		C7284D621C976A060009AA2A /* BEAnnotation.h */ = {isa = PBXFileReference; fileEncoding = 4; lastKnownFileType = sourcecode.c.h; path = BEAnnotation.h; sourceTree = "<group>"; };
		C7284D631C976A060009AA2A /* BECollectionView.h */ = {isa = PBXFileReference; fileEncoding = 4; lastKnownFileType = sourcecode.c.h; path = BECollectionView.h; sourceTree = "<group>"; };
		C7284D641C976A060009AA2A /* BEFileInfo.h */ = {isa = PBXFileReference; fileEncoding = 4; lastKnownFileType = sourcecode.c.h; path = BEFileInfo.h; sourceTree = "<group>"; };
		C7284D651C976A060009AA2A /* BEMapView.h */ = {isa = PBXFileReference; fileEncoding = 4; lastKnownFileType = sourcecode.c.h; path = BEMapView.h; sourceTree = "<group>"; };
		C7284D661C976A060009AA2A /* BESubscription.h */ = {isa = PBXFileReference; fileEncoding = 4; lastKnownFileType = sourcecode.c.h; path = BESubscription.h; sourceTree = "<group>"; };
		C7284D671C976A060009AA2A /* BETableView.h */ = {isa = PBXFileReference; fileEncoding = 4; lastKnownFileType = sourcecode.c.h; path = BETableView.h; sourceTree = "<group>"; };
		C7284D681C976A060009AA2A /* CacheFactory.h */ = {isa = PBXFileReference; fileEncoding = 4; lastKnownFileType = sourcecode.c.h; path = CacheFactory.h; sourceTree = "<group>"; };
		C7284D691C976A060009AA2A /* CacheService.h */ = {isa = PBXFileReference; fileEncoding = 4; lastKnownFileType = sourcecode.c.h; path = CacheService.h; sourceTree = "<group>"; };
		C7284D6A1C976A060009AA2A /* CustomService.h */ = {isa = PBXFileReference; fileEncoding = 4; lastKnownFileType = sourcecode.c.h; path = CustomService.h; sourceTree = "<group>"; };
		C7284D6B1C976A060009AA2A /* DataPermission.h */ = {isa = PBXFileReference; fileEncoding = 4; lastKnownFileType = sourcecode.c.h; path = DataPermission.h; sourceTree = "<group>"; };
		C7284D6C1C976A060009AA2A /* DataStoreFactory.h */ = {isa = PBXFileReference; fileEncoding = 4; lastKnownFileType = sourcecode.c.h; path = DataStoreFactory.h; sourceTree = "<group>"; };
		C7284D6D1C976A060009AA2A /* DeliveryOptions.h */ = {isa = PBXFileReference; fileEncoding = 4; lastKnownFileType = sourcecode.c.h; path = DeliveryOptions.h; sourceTree = "<group>"; };
		C7284D6E1C976A060009AA2A /* DeviceRegistration.h */ = {isa = PBXFileReference; fileEncoding = 4; lastKnownFileType = sourcecode.c.h; path = DeviceRegistration.h; sourceTree = "<group>"; };
		C7284D6F1C976A060009AA2A /* Events.h */ = {isa = PBXFileReference; fileEncoding = 4; lastKnownFileType = sourcecode.c.h; path = Events.h; sourceTree = "<group>"; };
		C7284D701C976A060009AA2A /* FilePermission.h */ = {isa = PBXFileReference; fileEncoding = 4; lastKnownFileType = sourcecode.c.h; path = FilePermission.h; sourceTree = "<group>"; };
		C7284D711C976A060009AA2A /* FileService.h */ = {isa = PBXFileReference; fileEncoding = 4; lastKnownFileType = sourcecode.c.h; path = FileService.h; sourceTree = "<group>"; };
		C7284D721C976A060009AA2A /* GeoCategory.h */ = {isa = PBXFileReference; fileEncoding = 4; lastKnownFileType = sourcecode.c.h; path = GeoCategory.h; sourceTree = "<group>"; };
		C7284D731C976A060009AA2A /* GeoCluster.h */ = {isa = PBXFileReference; fileEncoding = 4; lastKnownFileType = sourcecode.c.h; path = GeoCluster.h; sourceTree = "<group>"; };
		C7284D741C976A060009AA2A /* GeoFence.h */ = {isa = PBXFileReference; fileEncoding = 4; lastKnownFileType = sourcecode.c.h; path = GeoFence.h; sourceTree = "<group>"; };
		C7284D751C976A060009AA2A /* GeoPoint.h */ = {isa = PBXFileReference; fileEncoding = 4; lastKnownFileType = sourcecode.c.h; path = GeoPoint.h; sourceTree = "<group>"; };
		C7284D761C976A060009AA2A /* GeoService.h */ = {isa = PBXFileReference; fileEncoding = 4; lastKnownFileType = sourcecode.c.h; path = GeoService.h; sourceTree = "<group>"; };
		C7284D771C976A060009AA2A /* HashMap.h */ = {isa = PBXFileReference; fileEncoding = 4; lastKnownFileType = sourcecode.c.h; path = HashMap.h; sourceTree = "<group>"; };
		C7284D781C976A060009AA2A /* IAtomicCounters.h */ = {isa = PBXFileReference; fileEncoding = 4; lastKnownFileType = sourcecode.c.h; path = IAtomicCounters.h; sourceTree = "<group>"; };
		C7284D791C976A060009AA2A /* ICacheService.h */ = {isa = PBXFileReference; fileEncoding = 4; lastKnownFileType = sourcecode.c.h; path = ICacheService.h; sourceTree = "<group>"; };
		C7284D7A1C976A060009AA2A /* ICallback.h */ = {isa = PBXFileReference; fileEncoding = 4; lastKnownFileType = sourcecode.c.h; path = ICallback.h; sourceTree = "<group>"; };
		C7284D7B1C976A060009AA2A /* IDataStore.h */ = {isa = PBXFileReference; fileEncoding = 4; lastKnownFileType = sourcecode.c.h; path = IDataStore.h; sourceTree = "<group>"; };
		C7284D7C1C976A060009AA2A /* IMediaStreamer.h */ = {isa = PBXFileReference; fileEncoding = 4; lastKnownFileType = sourcecode.c.h; path = IMediaStreamer.h; sourceTree = "<group>"; };
		C7284D7D1C976A060009AA2A /* IPresenceListener.h */ = {isa = PBXFileReference; fileEncoding = 4; lastKnownFileType = sourcecode.c.h; path = IPresenceListener.h; sourceTree = "<group>"; };
		C7284D7E1C976A060009AA2A /* LocationTracker.h */ = {isa = PBXFileReference; fileEncoding = 4; lastKnownFileType = sourcecode.c.h; path = LocationTracker.h; sourceTree = "<group>"; };
		C7284D7F1C976A060009AA2A /* Logger.h */ = {isa = PBXFileReference; fileEncoding = 4; lastKnownFileType = sourcecode.c.h; path = Logger.h; sourceTree = "<group>"; };
		C7284D801C976A060009AA2A /* Logging.h */ = {isa = PBXFileReference; fileEncoding = 4; lastKnownFileType = sourcecode.c.h; path = Logging.h; sourceTree = "<group>"; };
		C7284D811C976A060009AA2A /* MediaPlaybackOptions.h */ = {isa = PBXFileReference; fileEncoding = 4; lastKnownFileType = sourcecode.c.h; path = MediaPlaybackOptions.h; sourceTree = "<group>"; };
		C7284D821C976A060009AA2A /* MediaPlayer.h */ = {isa = PBXFileReference; fileEncoding = 4; lastKnownFileType = sourcecode.c.h; path = MediaPlayer.h; sourceTree = "<group>"; };
		C7284D831C976A060009AA2A /* MediaPublisher.h */ = {isa = PBXFileReference; fileEncoding = 4; lastKnownFileType = sourcecode.c.h; path = MediaPublisher.h; sourceTree = "<group>"; };
		C7284D841C976A060009AA2A /* MediaPublishOptions.h */ = {isa = PBXFileReference; fileEncoding = 4; lastKnownFileType = sourcecode.c.h; path = MediaPublishOptions.h; sourceTree = "<group>"; };
		C7284D851C976A060009AA2A /* MediaService.h */ = {isa = PBXFileReference; fileEncoding = 4; lastKnownFileType = sourcecode.c.h; path = MediaService.h; sourceTree = "<group>"; };
		C7284D861C976A060009AA2A /* Message.h */ = {isa = PBXFileReference; fileEncoding = 4; lastKnownFileType = sourcecode.c.h; path = Message.h; sourceTree = "<group>"; };
		C7284D871C976A060009AA2A /* MessageStatus.h */ = {isa = PBXFileReference; fileEncoding = 4; lastKnownFileType = sourcecode.c.h; path = MessageStatus.h; sourceTree = "<group>"; };
		C7284D881C976A060009AA2A /* MessagingService.h */ = {isa = PBXFileReference; fileEncoding = 4; lastKnownFileType = sourcecode.c.h; path = MessagingService.h; sourceTree = "<group>"; };
		C7284D891C976A060009AA2A /* ObjectProperty.h */ = {isa = PBXFileReference; fileEncoding = 4; lastKnownFileType = sourcecode.c.h; path = ObjectProperty.h; sourceTree = "<group>"; };
		C7284D8A1C976A060009AA2A /* PersistenceService.h */ = {isa = PBXFileReference; fileEncoding = 4; lastKnownFileType = sourcecode.c.h; path = PersistenceService.h; sourceTree = "<group>"; };
		C7284D8B1C976A060009AA2A /* Presence.h */ = {isa = PBXFileReference; fileEncoding = 4; lastKnownFileType = sourcecode.c.h; path = Presence.h; sourceTree = "<group>"; };
		C7284D8C1C976A060009AA2A /* ProtectedBackendlessGeoQuery.h */ = {isa = PBXFileReference; fileEncoding = 4; lastKnownFileType = sourcecode.c.h; path = ProtectedBackendlessGeoQuery.h; sourceTree = "<group>"; };
		C7284D8D1C976A060009AA2A /* PublishOptions.h */ = {isa = PBXFileReference; fileEncoding = 4; lastKnownFileType = sourcecode.c.h; path = PublishOptions.h; sourceTree = "<group>"; };
		C7284D8E1C976A060009AA2A /* QueryOptions.h */ = {isa = PBXFileReference; fileEncoding = 4; lastKnownFileType = sourcecode.c.h; path = QueryOptions.h; sourceTree = "<group>"; };
		C7284D8F1C976A060009AA2A /* SubscriptionOptions.h */ = {isa = PBXFileReference; fileEncoding = 4; lastKnownFileType = sourcecode.c.h; path = SubscriptionOptions.h; sourceTree = "<group>"; };
		C7284D901C976A060009AA2A /* UserProperty.h */ = {isa = PBXFileReference; fileEncoding = 4; lastKnownFileType = sourcecode.c.h; path = UserProperty.h; sourceTree = "<group>"; };
		C7284D911C976A060009AA2A /* UserService.h */ = {isa = PBXFileReference; fileEncoding = 4; lastKnownFileType = sourcecode.c.h; path = UserService.h; sourceTree = "<group>"; };
		C7284D931C976A060009AA2A /* CommLibiOS.a */ = {isa = PBXFileReference; lastKnownFileType = archive.ar; path = CommLibiOS.a; sourceTree = "<group>"; };
		C7284D951C976A060009AA2A /* AMFSerializer.h */ = {isa = PBXFileReference; fileEncoding = 4; lastKnownFileType = sourcecode.c.h; path = AMFSerializer.h; sourceTree = "<group>"; };
		C7284D961C976A060009AA2A /* BinaryCodec.h */ = {isa = PBXFileReference; fileEncoding = 4; lastKnownFileType = sourcecode.c.h; path = BinaryCodec.h; sourceTree = "<group>"; };
		C7284D971C976A060009AA2A /* BinaryStream.h */ = {isa = PBXFileReference; fileEncoding = 4; lastKnownFileType = sourcecode.c.h; path = BinaryStream.h; sourceTree = "<group>"; };
		C7284D981C976A060009AA2A /* DEBUG.h */ = {isa = PBXFileReference; fileEncoding = 4; lastKnownFileType = sourcecode.c.h; path = DEBUG.h; sourceTree = "<group>"; };
		C7284D991C976A060009AA2A /* FlashorbBinaryReader.h */ = {isa = PBXFileReference; fileEncoding = 4; lastKnownFileType = sourcecode.c.h; path = FlashorbBinaryReader.h; sourceTree = "<group>"; };
		C7284D9A1C976A060009AA2A /* FlashorbBinaryWriter.h */ = {isa = PBXFileReference; fileEncoding = 4; lastKnownFileType = sourcecode.c.h; path = FlashorbBinaryWriter.h; sourceTree = "<group>"; };
		C7284D9B1C976A060009AA2A /* IAttributeStore.h */ = {isa = PBXFileReference; fileEncoding = 4; lastKnownFileType = sourcecode.c.h; path = IAttributeStore.h; sourceTree = "<group>"; };
		C7284D9C1C976A060009AA2A /* IClientSharedObject.h */ = {isa = PBXFileReference; fileEncoding = 4; lastKnownFileType = sourcecode.c.h; path = IClientSharedObject.h; sourceTree = "<group>"; };
		C7284D9D1C976A060009AA2A /* IClientSharedObjectDelegate.h */ = {isa = PBXFileReference; fileEncoding = 4; lastKnownFileType = sourcecode.c.h; path = IClientSharedObjectDelegate.h; sourceTree = "<group>"; };
		C7284D9E1C976A060009AA2A /* IPendingServiceCallback.h */ = {isa = PBXFileReference; fileEncoding = 4; lastKnownFileType = sourcecode.c.h; path = IPendingServiceCallback.h; sourceTree = "<group>"; };
		C7284D9F1C976A060009AA2A /* IPersistable.h */ = {isa = PBXFileReference; fileEncoding = 4; lastKnownFileType = sourcecode.c.h; path = IPersistable.h; sourceTree = "<group>"; };
		C7284DA01C976A060009AA2A /* IRTMProtocol.h */ = {isa = PBXFileReference; fileEncoding = 4; lastKnownFileType = sourcecode.c.h; path = IRTMProtocol.h; sourceTree = "<group>"; };
		C7284DA11C976A060009AA2A /* IServiceCall.h */ = {isa = PBXFileReference; fileEncoding = 4; lastKnownFileType = sourcecode.c.h; path = IServiceCall.h; sourceTree = "<group>"; };
		C7284DA21C976A060009AA2A /* ISharedObjectListener.h */ = {isa = PBXFileReference; fileEncoding = 4; lastKnownFileType = sourcecode.c.h; path = ISharedObjectListener.h; sourceTree = "<group>"; };
		C7284DA31C976A060009AA2A /* MemoryTicker.h */ = {isa = PBXFileReference; fileEncoding = 4; lastKnownFileType = sourcecode.c.h; path = MemoryTicker.h; sourceTree = "<group>"; };
		C7284DA41C976A060009AA2A /* Responder.h */ = {isa = PBXFileReference; fileEncoding = 4; lastKnownFileType = sourcecode.c.h; path = Responder.h; sourceTree = "<group>"; };
		C7284DA51C976A060009AA2A /* RTMPClient.h */ = {isa = PBXFileReference; fileEncoding = 4; lastKnownFileType = sourcecode.c.h; path = RTMPClient.h; sourceTree = "<group>"; };
		C7284DA61C976A060009AA2A /* Types.h */ = {isa = PBXFileReference; fileEncoding = 4; lastKnownFileType = sourcecode.c.h; path = Types.h; sourceTree = "<group>"; };
		C7284DA71C976A060009AA2A /* WeborbClient.h */ = {isa = PBXFileReference; fileEncoding = 4; lastKnownFileType = sourcecode.c.h; path = WeborbClient.h; sourceTree = "<group>"; };
		C7284DAB1C976A060009AA2A /* avcodec.h */ = {isa = PBXFileReference; fileEncoding = 4; lastKnownFileType = sourcecode.c.h; path = avcodec.h; sourceTree = "<group>"; };
		C7284DAC1C976A060009AA2A /* avfft.h */ = {isa = PBXFileReference; fileEncoding = 4; lastKnownFileType = sourcecode.c.h; path = avfft.h; sourceTree = "<group>"; };
		C7284DAD1C976A060009AA2A /* dv_profile.h */ = {isa = PBXFileReference; fileEncoding = 4; lastKnownFileType = sourcecode.c.h; path = dv_profile.h; sourceTree = "<group>"; };
		C7284DAE1C976A060009AA2A /* dxva2.h */ = {isa = PBXFileReference; fileEncoding = 4; lastKnownFileType = sourcecode.c.h; path = dxva2.h; sourceTree = "<group>"; };
		C7284DAF1C976A060009AA2A /* vaapi.h */ = {isa = PBXFileReference; fileEncoding = 4; lastKnownFileType = sourcecode.c.h; path = vaapi.h; sourceTree = "<group>"; };
		C7284DB01C976A060009AA2A /* vda.h */ = {isa = PBXFileReference; fileEncoding = 4; lastKnownFileType = sourcecode.c.h; path = vda.h; sourceTree = "<group>"; };
		C7284DB11C976A060009AA2A /* vdpau.h */ = {isa = PBXFileReference; fileEncoding = 4; lastKnownFileType = sourcecode.c.h; path = vdpau.h; sourceTree = "<group>"; };
		C7284DB21C976A060009AA2A /* version.h */ = {isa = PBXFileReference; fileEncoding = 4; lastKnownFileType = sourcecode.c.h; path = version.h; sourceTree = "<group>"; };
		C7284DB31C976A060009AA2A /* xvmc.h */ = {isa = PBXFileReference; fileEncoding = 4; lastKnownFileType = sourcecode.c.h; path = xvmc.h; sourceTree = "<group>"; };
		C7284DB51C976A060009AA2A /* avdevice.h */ = {isa = PBXFileReference; fileEncoding = 4; lastKnownFileType = sourcecode.c.h; path = avdevice.h; sourceTree = "<group>"; };
		C7284DB61C976A060009AA2A /* version.h */ = {isa = PBXFileReference; fileEncoding = 4; lastKnownFileType = sourcecode.c.h; path = version.h; sourceTree = "<group>"; };
		C7284DB81C976A060009AA2A /* avfilter.h */ = {isa = PBXFileReference; fileEncoding = 4; lastKnownFileType = sourcecode.c.h; path = avfilter.h; sourceTree = "<group>"; };
		C7284DB91C976A060009AA2A /* avfiltergraph.h */ = {isa = PBXFileReference; fileEncoding = 4; lastKnownFileType = sourcecode.c.h; path = avfiltergraph.h; sourceTree = "<group>"; };
		C7284DBA1C976A060009AA2A /* buffersink.h */ = {isa = PBXFileReference; fileEncoding = 4; lastKnownFileType = sourcecode.c.h; path = buffersink.h; sourceTree = "<group>"; };
		C7284DBB1C976A060009AA2A /* buffersrc.h */ = {isa = PBXFileReference; fileEncoding = 4; lastKnownFileType = sourcecode.c.h; path = buffersrc.h; sourceTree = "<group>"; };
		C7284DBC1C976A060009AA2A /* version.h */ = {isa = PBXFileReference; fileEncoding = 4; lastKnownFileType = sourcecode.c.h; path = version.h; sourceTree = "<group>"; };
		C7284DBE1C976A060009AA2A /* avformat.h */ = {isa = PBXFileReference; fileEncoding = 4; lastKnownFileType = sourcecode.c.h; path = avformat.h; sourceTree = "<group>"; };
		C7284DBF1C976A060009AA2A /* avio.h */ = {isa = PBXFileReference; fileEncoding = 4; lastKnownFileType = sourcecode.c.h; path = avio.h; sourceTree = "<group>"; };
		C7284DC01C976A060009AA2A /* version.h */ = {isa = PBXFileReference; fileEncoding = 4; lastKnownFileType = sourcecode.c.h; path = version.h; sourceTree = "<group>"; };
		C7284DC21C976A060009AA2A /* avresample.h */ = {isa = PBXFileReference; fileEncoding = 4; lastKnownFileType = sourcecode.c.h; path = avresample.h; sourceTree = "<group>"; };
		C7284DC31C976A060009AA2A /* version.h */ = {isa = PBXFileReference; fileEncoding = 4; lastKnownFileType = sourcecode.c.h; path = version.h; sourceTree = "<group>"; };
		C7284DC51C976A060009AA2A /* adler32.h */ = {isa = PBXFileReference; fileEncoding = 4; lastKnownFileType = sourcecode.c.h; path = adler32.h; sourceTree = "<group>"; };
		C7284DC61C976A060009AA2A /* aes.h */ = {isa = PBXFileReference; fileEncoding = 4; lastKnownFileType = sourcecode.c.h; path = aes.h; sourceTree = "<group>"; };
		C7284DC71C976A060009AA2A /* attributes.h */ = {isa = PBXFileReference; fileEncoding = 4; lastKnownFileType = sourcecode.c.h; path = attributes.h; sourceTree = "<group>"; };
		C7284DC81C976A060009AA2A /* audio_fifo.h */ = {isa = PBXFileReference; fileEncoding = 4; lastKnownFileType = sourcecode.c.h; path = audio_fifo.h; sourceTree = "<group>"; };
		C7284DC91C976A060009AA2A /* audioconvert.h */ = {isa = PBXFileReference; fileEncoding = 4; lastKnownFileType = sourcecode.c.h; path = audioconvert.h; sourceTree = "<group>"; };
		C7284DCA1C976A060009AA2A /* avassert.h */ = {isa = PBXFileReference; fileEncoding = 4; lastKnownFileType = sourcecode.c.h; path = avassert.h; sourceTree = "<group>"; };
		C7284DCB1C976A060009AA2A /* avconfig.h */ = {isa = PBXFileReference; fileEncoding = 4; lastKnownFileType = sourcecode.c.h; path = avconfig.h; sourceTree = "<group>"; };
		C7284DCC1C976A060009AA2A /* avstring.h */ = {isa = PBXFileReference; fileEncoding = 4; lastKnownFileType = sourcecode.c.h; path = avstring.h; sourceTree = "<group>"; };
		C7284DCD1C976A060009AA2A /* avutil.h */ = {isa = PBXFileReference; fileEncoding = 4; lastKnownFileType = sourcecode.c.h; path = avutil.h; sourceTree = "<group>"; };
		C7284DCE1C976A060009AA2A /* base64.h */ = {isa = PBXFileReference; fileEncoding = 4; lastKnownFileType = sourcecode.c.h; path = base64.h; sourceTree = "<group>"; };
		C7284DCF1C976A060009AA2A /* blowfish.h */ = {isa = PBXFileReference; fileEncoding = 4; lastKnownFileType = sourcecode.c.h; path = blowfish.h; sourceTree = "<group>"; };
		C7284DD01C976A060009AA2A /* bswap.h */ = {isa = PBXFileReference; fileEncoding = 4; lastKnownFileType = sourcecode.c.h; path = bswap.h; sourceTree = "<group>"; };
		C7284DD11C976A060009AA2A /* buffer.h */ = {isa = PBXFileReference; fileEncoding = 4; lastKnownFileType = sourcecode.c.h; path = buffer.h; sourceTree = "<group>"; };
		C7284DD21C976A060009AA2A /* channel_layout.h */ = {isa = PBXFileReference; fileEncoding = 4; lastKnownFileType = sourcecode.c.h; path = channel_layout.h; sourceTree = "<group>"; };
		C7284DD31C976A060009AA2A /* common.h */ = {isa = PBXFileReference; fileEncoding = 4; lastKnownFileType = sourcecode.c.h; path = common.h; sourceTree = "<group>"; };
		C7284DD41C976A060009AA2A /* cpu.h */ = {isa = PBXFileReference; fileEncoding = 4; lastKnownFileType = sourcecode.c.h; path = cpu.h; sourceTree = "<group>"; };
		C7284DD51C976A060009AA2A /* crc.h */ = {isa = PBXFileReference; fileEncoding = 4; lastKnownFileType = sourcecode.c.h; path = crc.h; sourceTree = "<group>"; };
		C7284DD61C976A060009AA2A /* dict.h */ = {isa = PBXFileReference; fileEncoding = 4; lastKnownFileType = sourcecode.c.h; path = dict.h; sourceTree = "<group>"; };
		C7284DD71C976A060009AA2A /* display.h */ = {isa = PBXFileReference; fileEncoding = 4; lastKnownFileType = sourcecode.c.h; path = display.h; sourceTree = "<group>"; };
		C7284DD81C976A060009AA2A /* downmix_info.h */ = {isa = PBXFileReference; fileEncoding = 4; lastKnownFileType = sourcecode.c.h; path = downmix_info.h; sourceTree = "<group>"; };
		C7284DD91C976A060009AA2A /* error.h */ = {isa = PBXFileReference; fileEncoding = 4; lastKnownFileType = sourcecode.c.h; path = error.h; sourceTree = "<group>"; };
		C7284DDA1C976A060009AA2A /* eval.h */ = {isa = PBXFileReference; fileEncoding = 4; lastKnownFileType = sourcecode.c.h; path = eval.h; sourceTree = "<group>"; };
		C7284DDB1C976A060009AA2A /* fifo.h */ = {isa = PBXFileReference; fileEncoding = 4; lastKnownFileType = sourcecode.c.h; path = fifo.h; sourceTree = "<group>"; };
		C7284DDC1C976A060009AA2A /* file.h */ = {isa = PBXFileReference; fileEncoding = 4; lastKnownFileType = sourcecode.c.h; path = file.h; sourceTree = "<group>"; };
		C7284DDD1C976A060009AA2A /* frame.h */ = {isa = PBXFileReference; fileEncoding = 4; lastKnownFileType = sourcecode.c.h; path = frame.h; sourceTree = "<group>"; };
		C7284DDE1C976A060009AA2A /* hmac.h */ = {isa = PBXFileReference; fileEncoding = 4; lastKnownFileType = sourcecode.c.h; path = hmac.h; sourceTree = "<group>"; };
		C7284DDF1C976A060009AA2A /* imgutils.h */ = {isa = PBXFileReference; fileEncoding = 4; lastKnownFileType = sourcecode.c.h; path = imgutils.h; sourceTree = "<group>"; };
		C7284DE01C976A060009AA2A /* intfloat.h */ = {isa = PBXFileReference; fileEncoding = 4; lastKnownFileType = sourcecode.c.h; path = intfloat.h; sourceTree = "<group>"; };
		C7284DE11C976A060009AA2A /* intreadwrite.h */ = {isa = PBXFileReference; fileEncoding = 4; lastKnownFileType = sourcecode.c.h; path = intreadwrite.h; sourceTree = "<group>"; };
		C7284DE21C976A060009AA2A /* lfg.h */ = {isa = PBXFileReference; fileEncoding = 4; lastKnownFileType = sourcecode.c.h; path = lfg.h; sourceTree = "<group>"; };
		C7284DE31C976A060009AA2A /* log.h */ = {isa = PBXFileReference; fileEncoding = 4; lastKnownFileType = sourcecode.c.h; path = log.h; sourceTree = "<group>"; };
		C7284DE41C976A060009AA2A /* macros.h */ = {isa = PBXFileReference; fileEncoding = 4; lastKnownFileType = sourcecode.c.h; path = macros.h; sourceTree = "<group>"; };
		C7284DE51C976A060009AA2A /* mathematics.h */ = {isa = PBXFileReference; fileEncoding = 4; lastKnownFileType = sourcecode.c.h; path = mathematics.h; sourceTree = "<group>"; };
		C7284DE61C976A060009AA2A /* md5.h */ = {isa = PBXFileReference; fileEncoding = 4; lastKnownFileType = sourcecode.c.h; path = md5.h; sourceTree = "<group>"; };
		C7284DE71C976A060009AA2A /* mem.h */ = {isa = PBXFileReference; fileEncoding = 4; lastKnownFileType = sourcecode.c.h; path = mem.h; sourceTree = "<group>"; };
		C7284DE81C976A060009AA2A /* old_pix_fmts.h */ = {isa = PBXFileReference; fileEncoding = 4; lastKnownFileType = sourcecode.c.h; path = old_pix_fmts.h; sourceTree = "<group>"; };
		C7284DE91C976A060009AA2A /* opt.h */ = {isa = PBXFileReference; fileEncoding = 4; lastKnownFileType = sourcecode.c.h; path = opt.h; sourceTree = "<group>"; };
		C7284DEA1C976A060009AA2A /* parseutils.h */ = {isa = PBXFileReference; fileEncoding = 4; lastKnownFileType = sourcecode.c.h; path = parseutils.h; sourceTree = "<group>"; };
		C7284DEB1C976A060009AA2A /* pixdesc.h */ = {isa = PBXFileReference; fileEncoding = 4; lastKnownFileType = sourcecode.c.h; path = pixdesc.h; sourceTree = "<group>"; };
		C7284DEC1C976A060009AA2A /* pixfmt.h */ = {isa = PBXFileReference; fileEncoding = 4; lastKnownFileType = sourcecode.c.h; path = pixfmt.h; sourceTree = "<group>"; };
		C7284DED1C976A060009AA2A /* random_seed.h */ = {isa = PBXFileReference; fileEncoding = 4; lastKnownFileType = sourcecode.c.h; path = random_seed.h; sourceTree = "<group>"; };
		C7284DEE1C976A060009AA2A /* rational.h */ = {isa = PBXFileReference; fileEncoding = 4; lastKnownFileType = sourcecode.c.h; path = rational.h; sourceTree = "<group>"; };
		C7284DEF1C976A060009AA2A /* replaygain.h */ = {isa = PBXFileReference; fileEncoding = 4; lastKnownFileType = sourcecode.c.h; path = replaygain.h; sourceTree = "<group>"; };
		C7284DF01C976A070009AA2A /* samplefmt.h */ = {isa = PBXFileReference; fileEncoding = 4; lastKnownFileType = sourcecode.c.h; path = samplefmt.h; sourceTree = "<group>"; };
		C7284DF11C976A070009AA2A /* sha.h */ = {isa = PBXFileReference; fileEncoding = 4; lastKnownFileType = sourcecode.c.h; path = sha.h; sourceTree = "<group>"; };
		C7284DF21C976A070009AA2A /* stereo3d.h */ = {isa = PBXFileReference; fileEncoding = 4; lastKnownFileType = sourcecode.c.h; path = stereo3d.h; sourceTree = "<group>"; };
		C7284DF31C976A070009AA2A /* time.h */ = {isa = PBXFileReference; fileEncoding = 4; lastKnownFileType = sourcecode.c.h; path = time.h; sourceTree = "<group>"; };
		C7284DF41C976A070009AA2A /* version.h */ = {isa = PBXFileReference; fileEncoding = 4; lastKnownFileType = sourcecode.c.h; path = version.h; sourceTree = "<group>"; };
		C7284DF51C976A070009AA2A /* xtea.h */ = {isa = PBXFileReference; fileEncoding = 4; lastKnownFileType = sourcecode.c.h; path = xtea.h; sourceTree = "<group>"; };
		C7284DF71C976A070009AA2A /* swscale.h */ = {isa = PBXFileReference; fileEncoding = 4; lastKnownFileType = sourcecode.c.h; path = swscale.h; sourceTree = "<group>"; };
		C7284DF81C976A070009AA2A /* version.h */ = {isa = PBXFileReference; fileEncoding = 4; lastKnownFileType = sourcecode.c.h; path = version.h; sourceTree = "<group>"; };
		C7284DFA1C976A070009AA2A /* libavcodec.a */ = {isa = PBXFileReference; lastKnownFileType = archive.ar; path = libavcodec.a; sourceTree = "<group>"; };
		C7284DFB1C976A070009AA2A /* libavdevice.a */ = {isa = PBXFileReference; lastKnownFileType = archive.ar; path = libavdevice.a; sourceTree = "<group>"; };
		C7284DFC1C976A070009AA2A /* libavfilter.a */ = {isa = PBXFileReference; lastKnownFileType = archive.ar; path = libavfilter.a; sourceTree = "<group>"; };
		C7284DFD1C976A070009AA2A /* libavformat.a */ = {isa = PBXFileReference; lastKnownFileType = archive.ar; path = libavformat.a; sourceTree = "<group>"; };
		C7284DFE1C976A070009AA2A /* libavutil.a */ = {isa = PBXFileReference; lastKnownFileType = archive.ar; path = libavutil.a; sourceTree = "<group>"; };
		C7284DFF1C976A070009AA2A /* libswscale.a */ = {isa = PBXFileReference; lastKnownFileType = archive.ar; path = libswscale.a; sourceTree = "<group>"; };
		C7284E021C976A070009AA2A /* BroadcastStreamClient.h */ = {isa = PBXFileReference; fileEncoding = 4; lastKnownFileType = sourcecode.c.h; path = BroadcastStreamClient.h; sourceTree = "<group>"; };
		C7284E031C976A070009AA2A /* MediaStreamPlayer.h */ = {isa = PBXFileReference; fileEncoding = 4; lastKnownFileType = sourcecode.c.h; path = MediaStreamPlayer.h; sourceTree = "<group>"; };
		C7284E041C976A070009AA2A /* MPMediaData.h */ = {isa = PBXFileReference; fileEncoding = 4; lastKnownFileType = sourcecode.c.h; path = MPMediaData.h; sourceTree = "<group>"; };
		C7284E051C976A070009AA2A /* MPMediaDecoder.h */ = {isa = PBXFileReference; fileEncoding = 4; lastKnownFileType = sourcecode.c.h; path = MPMediaDecoder.h; sourceTree = "<group>"; };
		C7284E061C976A070009AA2A /* MPMediaEncoder.h */ = {isa = PBXFileReference; fileEncoding = 4; lastKnownFileType = sourcecode.c.h; path = MPMediaEncoder.h; sourceTree = "<group>"; };
		C7284E071C976A070009AA2A /* VideoPlayer.h */ = {isa = PBXFileReference; fileEncoding = 4; lastKnownFileType = sourcecode.c.h; path = VideoPlayer.h; sourceTree = "<group>"; };
		C7284E081C976A070009AA2A /* MediaLibiOS.a */ = {isa = PBXFileReference; lastKnownFileType = archive.ar; path = MediaLibiOS.a; sourceTree = "<group>"; };
		C7284E0B1C976A070009AA2A /* speex.h */ = {isa = PBXFileReference; fileEncoding = 4; lastKnownFileType = sourcecode.c.h; path = speex.h; sourceTree = "<group>"; };
		C7284E0C1C976A070009AA2A /* speex_bits.h */ = {isa = PBXFileReference; fileEncoding = 4; lastKnownFileType = sourcecode.c.h; path = speex_bits.h; sourceTree = "<group>"; };
		C7284E0D1C976A070009AA2A /* speex_callbacks.h */ = {isa = PBXFileReference; fileEncoding = 4; lastKnownFileType = sourcecode.c.h; path = speex_callbacks.h; sourceTree = "<group>"; };
		C7284E0E1C976A070009AA2A /* speex_config_types.h */ = {isa = PBXFileReference; fileEncoding = 4; lastKnownFileType = sourcecode.c.h; path = speex_config_types.h; sourceTree = "<group>"; };
		C7284E0F1C976A070009AA2A /* speex_header.h */ = {isa = PBXFileReference; fileEncoding = 4; lastKnownFileType = sourcecode.c.h; path = speex_header.h; sourceTree = "<group>"; };
		C7284E101C976A070009AA2A /* speex_stereo.h */ = {isa = PBXFileReference; fileEncoding = 4; lastKnownFileType = sourcecode.c.h; path = speex_stereo.h; sourceTree = "<group>"; };
		C7284E111C976A070009AA2A /* speex_types.h */ = {isa = PBXFileReference; fileEncoding = 4; lastKnownFileType = sourcecode.c.h; path = speex_types.h; sourceTree = "<group>"; };
		C7284E131C976A070009AA2A /* libspeex.a */ = {isa = PBXFileReference; lastKnownFileType = archive.ar; path = libspeex.a; sourceTree = "<group>"; };
		C7284E161C976A070009AA2A /* x264.h */ = {isa = PBXFileReference; fileEncoding = 4; lastKnownFileType = sourcecode.c.h; path = x264.h; sourceTree = "<group>"; };
		C7284E171C976A070009AA2A /* x264_config.h */ = {isa = PBXFileReference; fileEncoding = 4; lastKnownFileType = sourcecode.c.h; path = x264_config.h; sourceTree = "<group>"; };
		C7284E191C976A070009AA2A /* libx264.a */ = {isa = PBXFileReference; lastKnownFileType = archive.ar; path = libx264.a; sourceTree = "<group>"; };
		C7284E251C976EBD0009AA2A /* HoursObject.h */ = {isa = PBXFileReference; fileEncoding = 4; lastKnownFileType = sourcecode.c.h; name = HoursObject.h; path = "../../backendless-codegen/KelseyHaircutData/KelseyHaircutData/HoursObject.h"; sourceTree = "<group>"; };
		C7284E261C976EBD0009AA2A /* HoursObject.m */ = {isa = PBXFileReference; fileEncoding = 4; lastKnownFileType = sourcecode.c.objc; name = HoursObject.m; path = "../../backendless-codegen/KelseyHaircutData/KelseyHaircutData/HoursObject.m"; sourceTree = "<group>"; };
		C7284E271C976EBD0009AA2A /* ServicesObject.h */ = {isa = PBXFileReference; fileEncoding = 4; lastKnownFileType = sourcecode.c.h; name = ServicesObject.h; path = "../../backendless-codegen/KelseyHaircutData/KelseyHaircutData/ServicesObject.h"; sourceTree = "<group>"; };
		C7284E281C976EBD0009AA2A /* ServicesObject.m */ = {isa = PBXFileReference; fileEncoding = 4; lastKnownFileType = sourcecode.c.objc; name = ServicesObject.m; path = "../../backendless-codegen/KelseyHaircutData/KelseyHaircutData/ServicesObject.m"; sourceTree = "<group>"; };
		C73C97FD18A4734500B8B346 /* Images.xcassets */ = {isa = PBXFileReference; lastKnownFileType = folder.assetcatalog; path = Images.xcassets; sourceTree = "<group>"; };
		C73CE9B71794E2670086B9CF /* greenapplelogo.png */ = {isa = PBXFileReference; lastKnownFileType = image.png; path = greenapplelogo.png; sourceTree = "<group>"; };
		C73CE9B91794E2B40086B9CF /* calendar.png */ = {isa = PBXFileReference; lastKnownFileType = image.png; path = calendar.png; sourceTree = "<group>"; };
		C7454C9C18A40C71003CCC34 /* wallpaperblackconcretelong.jpg */ = {isa = PBXFileReference; lastKnownFileType = image.jpeg; path = wallpaperblackconcretelong.jpg; sourceTree = "<group>"; };
		C7454C9D18A40C71003CCC34 /* wallpaperblackconcreteshort.jpg */ = {isa = PBXFileReference; lastKnownFileType = image.jpeg; path = wallpaperblackconcreteshort.jpg; sourceTree = "<group>"; };
		C7454CA618A40DDA003CCC34 /* googlemapsbutton.png */ = {isa = PBXFileReference; lastKnownFileType = image.png; path = googlemapsbutton.png; sourceTree = "<group>"; };
		C7454CA818A40E87003CCC34 /* callkelseyicon2.png */ = {isa = PBXFileReference; lastKnownFileType = image.png; path = callkelseyicon2.png; sourceTree = "<group>"; };
		C7454CAA18A40EA3003CCC34 /* galleryicon2.png */ = {isa = PBXFileReference; lastKnownFileType = image.png; path = galleryicon2.png; sourceTree = "<group>"; };
		C7454CAE18A412E1003CCC34 /* emailkelseybutton3.png */ = {isa = PBXFileReference; lastKnownFileType = image.png; path = emailkelseybutton3.png; sourceTree = "<group>"; };
		C7454CB018A417C1003CCC34 /* hoursopenbw.png */ = {isa = PBXFileReference; lastKnownFileType = image.png; path = hoursopenbw.png; sourceTree = "<group>"; };
		C7454CD218A4274E003CCC34 /* Default-568h@2x.png */ = {isa = PBXFileReference; lastKnownFileType = image.png; path = "Default-568h@2x.png"; sourceTree = "<group>"; };
		C7454CD318A4274E003CCC34 /* Default~iphone.png */ = {isa = PBXFileReference; lastKnownFileType = image.png; path = "Default~iphone.png"; sourceTree = "<group>"; };
		C7454CD418A4274E003CCC34 /* Default.png */ = {isa = PBXFileReference; lastKnownFileType = image.png; path = Default.png; sourceTree = "<group>"; };
		C74A857D1A5C86C600D36356 /* phoneicon.PNG */ = {isa = PBXFileReference; lastKnownFileType = image.png; path = phoneicon.PNG; sourceTree = "<group>"; };
		C74D43E1177B6B38003052B2 /* Kelsey Haircut.app */ = {isa = PBXFileReference; explicitFileType = wrapper.application; includeInIndex = 0; path = "Kelsey Haircut.app"; sourceTree = BUILT_PRODUCTS_DIR; };
		C74D43E4177B6B38003052B2 /* UIKit.framework */ = {isa = PBXFileReference; lastKnownFileType = wrapper.framework; name = UIKit.framework; path = System/Library/Frameworks/UIKit.framework; sourceTree = SDKROOT; };
		C74D43E6177B6B38003052B2 /* Foundation.framework */ = {isa = PBXFileReference; lastKnownFileType = wrapper.framework; name = Foundation.framework; path = System/Library/Frameworks/Foundation.framework; sourceTree = SDKROOT; };
		C74D43E8177B6B38003052B2 /* CoreGraphics.framework */ = {isa = PBXFileReference; lastKnownFileType = wrapper.framework; name = CoreGraphics.framework; path = System/Library/Frameworks/CoreGraphics.framework; sourceTree = SDKROOT; };
		C74D43EC177B6B38003052B2 /* KelseyHaircut2-Info.plist */ = {isa = PBXFileReference; lastKnownFileType = text.plist.xml; path = "KelseyHaircut2-Info.plist"; sourceTree = "<group>"; };
		C74D43EE177B6B38003052B2 /* en */ = {isa = PBXFileReference; lastKnownFileType = text.plist.strings; name = en; path = en.lproj/InfoPlist.strings; sourceTree = "<group>"; };
		C74D43F0177B6B38003052B2 /* main.m */ = {isa = PBXFileReference; lastKnownFileType = sourcecode.c.objc; path = main.m; sourceTree = "<group>"; };
		C74D43F2177B6B38003052B2 /* KelseyHaircut2-Prefix.pch */ = {isa = PBXFileReference; lastKnownFileType = sourcecode.c.h; path = "KelseyHaircut2-Prefix.pch"; sourceTree = "<group>"; };
		C74D43F3177B6B38003052B2 /* AppDelegate.h */ = {isa = PBXFileReference; lastKnownFileType = sourcecode.c.h; path = AppDelegate.h; sourceTree = "<group>"; };
		C74D43F4177B6B38003052B2 /* AppDelegate.m */ = {isa = PBXFileReference; lastKnownFileType = sourcecode.c.objc; path = AppDelegate.m; sourceTree = "<group>"; };
		C74D43FD177B6B38003052B2 /* en */ = {isa = PBXFileReference; lastKnownFileType = file.storyboard; name = en; path = en.lproj/MainStoryboard.storyboard; sourceTree = "<group>"; };
		C74D43FF177B6B38003052B2 /* ViewController.h */ = {isa = PBXFileReference; lastKnownFileType = sourcecode.c.h; path = ViewController.h; sourceTree = "<group>"; };
		C74D4400177B6B38003052B2 /* ViewController.m */ = {isa = PBXFileReference; lastKnownFileType = sourcecode.c.objc; path = ViewController.m; sourceTree = "<group>"; };
		C74D4420177B73E6003052B2 /* aboutkelsey5.jpg */ = {isa = PBXFileReference; lastKnownFileType = image.jpeg; path = aboutkelsey5.jpg; sourceTree = "<group>"; };
		C74D4424177B74F8003052B2 /* hoursopen.png */ = {isa = PBXFileReference; lastKnownFileType = image.png; path = hoursopen.png; sourceTree = "<group>"; };
		C74D4426177B7D76003052B2 /* services_tab1.jpg */ = {isa = PBXFileReference; lastKnownFileType = image.jpeg; path = services_tab1.jpg; sourceTree = "<group>"; };
		C74D4427177B7D76003052B2 /* services_tab2.jpg */ = {isa = PBXFileReference; lastKnownFileType = image.jpeg; path = services_tab2.jpg; sourceTree = "<group>"; };
		C74D4428177B7D76003052B2 /* services_tab3.jpg */ = {isa = PBXFileReference; lastKnownFileType = image.jpeg; path = services_tab3.jpg; sourceTree = "<group>"; };
		C74D444C177B8BD8003052B2 /* GalleryViewController.h */ = {isa = PBXFileReference; fileEncoding = 4; lastKnownFileType = sourcecode.c.h; path = GalleryViewController.h; sourceTree = "<group>"; };
		C74D444D177B8BD8003052B2 /* GalleryViewController.m */ = {isa = PBXFileReference; fileEncoding = 4; lastKnownFileType = sourcecode.c.objc; path = GalleryViewController.m; sourceTree = "<group>"; };
		C771DF1B195A0DB500702BA3 /* galleryicon3.png */ = {isa = PBXFileReference; lastKnownFileType = image.png; path = galleryicon3.png; sourceTree = "<group>"; };
		C771DF1D195A0DBB00702BA3 /* servicesbutton1bw.png */ = {isa = PBXFileReference; lastKnownFileType = image.png; path = servicesbutton1bw.png; sourceTree = "<group>"; };
		C771DF1F195A0DC500702BA3 /* ak2.png */ = {isa = PBXFileReference; lastKnownFileType = image.png; path = ak2.png; sourceTree = "<group>"; };
		C771DF21195A0DCA00702BA3 /* calendar2.png */ = {isa = PBXFileReference; lastKnownFileType = image.png; path = calendar2.png; sourceTree = "<group>"; };
		C771DF23195A0EEC00702BA3 /* hoursofoperation.png */ = {isa = PBXFileReference; lastKnownFileType = image.png; path = hoursofoperation.png; sourceTree = "<group>"; };
		C771DF26195A223C00702BA3 /* k1.jpg */ = {isa = PBXFileReference; lastKnownFileType = image.jpeg; path = k1.jpg; sourceTree = "<group>"; };
		C771DF27195A223C00702BA3 /* k2.jpg */ = {isa = PBXFileReference; lastKnownFileType = image.jpeg; path = k2.jpg; sourceTree = "<group>"; };
		C771DF28195A223C00702BA3 /* k3.jpg */ = {isa = PBXFileReference; lastKnownFileType = image.jpeg; path = k3.jpg; sourceTree = "<group>"; };
		C771DF29195A223C00702BA3 /* k4.png */ = {isa = PBXFileReference; lastKnownFileType = image.png; path = k4.png; sourceTree = "<group>"; };
		C771DF2A195A223C00702BA3 /* sp0.jpg */ = {isa = PBXFileReference; lastKnownFileType = image.jpeg; path = sp0.jpg; sourceTree = "<group>"; };
		C771DF2B195A223C00702BA3 /* sp1.jpg */ = {isa = PBXFileReference; lastKnownFileType = image.jpeg; path = sp1.jpg; sourceTree = "<group>"; };
		C771DF2C195A223C00702BA3 /* sp2.jpg */ = {isa = PBXFileReference; lastKnownFileType = image.jpeg; path = sp2.jpg; sourceTree = "<group>"; };
		C771DF2D195A223C00702BA3 /* sp3.jpg */ = {isa = PBXFileReference; lastKnownFileType = image.jpeg; path = sp3.jpg; sourceTree = "<group>"; };
		C771DF2E195A223C00702BA3 /* sp4.jpg */ = {isa = PBXFileReference; lastKnownFileType = image.jpeg; path = sp4.jpg; sourceTree = "<group>"; };
		C771DF2F195A223C00702BA3 /* sp5.jpg */ = {isa = PBXFileReference; lastKnownFileType = image.jpeg; path = sp5.jpg; sourceTree = "<group>"; };
		C771DF30195A223C00702BA3 /* sp6.jpg */ = {isa = PBXFileReference; lastKnownFileType = image.jpeg; path = sp6.jpg; sourceTree = "<group>"; };
		C771DF31195A223C00702BA3 /* sp7.jpeg */ = {isa = PBXFileReference; lastKnownFileType = image.jpeg; path = sp7.jpeg; sourceTree = "<group>"; };
		C771DF32195A223C00702BA3 /* sp8.jpeg */ = {isa = PBXFileReference; lastKnownFileType = image.jpeg; path = sp8.jpeg; sourceTree = "<group>"; };
		C771DF33195A223C00702BA3 /* style1.jpg */ = {isa = PBXFileReference; lastKnownFileType = image.jpeg; path = style1.jpg; sourceTree = "<group>"; };
		C771DF34195A223C00702BA3 /* style2.jpg */ = {isa = PBXFileReference; lastKnownFileType = image.jpeg; path = style2.jpg; sourceTree = "<group>"; };
		C771DF35195A223C00702BA3 /* style3.jpg */ = {isa = PBXFileReference; lastKnownFileType = image.jpeg; path = style3.jpg; sourceTree = "<group>"; };
		C771DF36195A223C00702BA3 /* style4.jpg */ = {isa = PBXFileReference; lastKnownFileType = image.jpeg; path = style4.jpg; sourceTree = "<group>"; };
		C771DF37195A223C00702BA3 /* style5.jpg */ = {isa = PBXFileReference; lastKnownFileType = image.jpeg; path = style5.jpg; sourceTree = "<group>"; };
		C771DF38195A223C00702BA3 /* style6.jpg */ = {isa = PBXFileReference; lastKnownFileType = image.jpeg; path = style6.jpg; sourceTree = "<group>"; };
		C771DF39195A223C00702BA3 /* style7.jpg */ = {isa = PBXFileReference; lastKnownFileType = image.jpeg; path = style7.jpg; sourceTree = "<group>"; };
		C771DF3A195A223C00702BA3 /* style8.jpg */ = {isa = PBXFileReference; lastKnownFileType = image.jpeg; path = style8.jpg; sourceTree = "<group>"; };
		C771DF3B195A223C00702BA3 /* style9.jpg */ = {isa = PBXFileReference; lastKnownFileType = image.jpeg; path = style9.jpg; sourceTree = "<group>"; };
		C779BC65178B85BB001734AF /* EventKit.framework */ = {isa = PBXFileReference; lastKnownFileType = wrapper.framework; name = EventKit.framework; path = System/Library/Frameworks/EventKit.framework; sourceTree = SDKROOT; };
		C779BC67178B869B001734AF /* EventKitUI.framework */ = {isa = PBXFileReference; lastKnownFileType = wrapper.framework; name = EventKitUI.framework; path = System/Library/Frameworks/EventKitUI.framework; sourceTree = SDKROOT; };
		C7B402E617DE63F2003CD55B /* servicesbutton1.png */ = {isa = PBXFileReference; lastKnownFileType = image.png; path = servicesbutton1.png; sourceTree = "<group>"; };
		C7B402EC17DE68FC003CD55B /* callkelseyicon.png */ = {isa = PBXFileReference; lastKnownFileType = image.png; path = callkelseyicon.png; sourceTree = "<group>"; };
		C7E009831906EF2900A52F98 /* Parse.framework */ = {isa = PBXFileReference; lastKnownFileType = wrapper.framework; path = Parse.framework; sourceTree = "<group>"; };
		C7E009851906EF7C00A52F98 /* AudioToolbox.framework */ = {isa = PBXFileReference; lastKnownFileType = wrapper.framework; name = AudioToolbox.framework; path = System/Library/Frameworks/AudioToolbox.framework; sourceTree = SDKROOT; };
		C7E009871906EF8B00A52F98 /* CFNetwork.framework */ = {isa = PBXFileReference; lastKnownFileType = wrapper.framework; name = CFNetwork.framework; path = System/Library/Frameworks/CFNetwork.framework; sourceTree = SDKROOT; };
		C7E009891906EFAA00A52F98 /* CoreLocation.framework */ = {isa = PBXFileReference; lastKnownFileType = wrapper.framework; name = CoreLocation.framework; path = System/Library/Frameworks/CoreLocation.framework; sourceTree = SDKROOT; };
		C7E0098D1906EFC700A52F98 /* MobileCoreServices.framework */ = {isa = PBXFileReference; lastKnownFileType = wrapper.framework; name = MobileCoreServices.framework; path = System/Library/Frameworks/MobileCoreServices.framework; sourceTree = SDKROOT; };
		C7E0098F1906EFD100A52F98 /* QuartzCore.framework */ = {isa = PBXFileReference; lastKnownFileType = wrapper.framework; name = QuartzCore.framework; path = System/Library/Frameworks/QuartzCore.framework; sourceTree = SDKROOT; };
		C7E009911906EFDB00A52F98 /* Security.framework */ = {isa = PBXFileReference; lastKnownFileType = wrapper.framework; name = Security.framework; path = System/Library/Frameworks/Security.framework; sourceTree = SDKROOT; };
		C7E009951906EFFB00A52F98 /* SystemConfiguration.framework */ = {isa = PBXFileReference; lastKnownFileType = wrapper.framework; name = SystemConfiguration.framework; path = System/Library/Frameworks/SystemConfiguration.framework; sourceTree = SDKROOT; };
		C7E0099A1906F63200A52F98 /* ScheduleCell.h */ = {isa = PBXFileReference; fileEncoding = 4; lastKnownFileType = sourcecode.c.h; name = ScheduleCell.h; path = ../ScheduleCell.h; sourceTree = "<group>"; };
		C7E0099B1906F63200A52F98 /* ScheduleCell.m */ = {isa = PBXFileReference; fileEncoding = 4; lastKnownFileType = sourcecode.c.objc; name = ScheduleCell.m; path = ../ScheduleCell.m; sourceTree = "<group>"; };
		C7E0099D1906F6F700A52F98 /* ScheduleViewController.h */ = {isa = PBXFileReference; fileEncoding = 4; lastKnownFileType = sourcecode.c.h; path = ScheduleViewController.h; sourceTree = "<group>"; };
		C7E0099E1906F6F700A52F98 /* ScheduleViewController.m */ = {isa = PBXFileReference; fileEncoding = 4; lastKnownFileType = sourcecode.c.objc; path = ScheduleViewController.m; sourceTree = "<group>"; };
		C7F5346B1AB3574700CC8538 /* khappointmentbutton.png */ = {isa = PBXFileReference; lastKnownFileType = image.png; path = khappointmentbutton.png; sourceTree = "<group>"; };
		C7F5346D1AB364B500CC8538 /* KelseyHaircut2-Bridging-Header.h */ = {isa = PBXFileReference; lastKnownFileType = sourcecode.c.h; path = "KelseyHaircut2-Bridging-Header.h"; sourceTree = "<group>"; };
		C7F5346E1AB364B600CC8538 /* AppointmentViewController.swift */ = {isa = PBXFileReference; fileEncoding = 4; lastKnownFileType = sourcecode.swift; path = AppointmentViewController.swift; sourceTree = "<group>"; };
		C7F980A017DEB23600A186A2 /* kelseycard.jpg */ = {isa = PBXFileReference; lastKnownFileType = image.jpeg; path = kelseycard.jpg; sourceTree = "<group>"; };
		C7F980A217DEC28000A186A2 /* AboutKelseyViewController.h */ = {isa = PBXFileReference; fileEncoding = 4; lastKnownFileType = sourcecode.c.h; path = AboutKelseyViewController.h; sourceTree = "<group>"; };
		C7F980A317DEC28000A186A2 /* AboutKelseyViewController.m */ = {isa = PBXFileReference; fileEncoding = 4; lastKnownFileType = sourcecode.c.objc; path = AboutKelseyViewController.m; sourceTree = "<group>"; };
/* End PBXFileReference section */

/* Begin PBXFrameworksBuildPhase section */
		C74D43DE177B6B38003052B2 /* Frameworks */ = {
			isa = PBXFrameworksBuildPhase;
			buildActionMask = 2147483647;
			files = (
				C7284D351C9765950009AA2A /* libz.tbd in Frameworks */,
				C7284D331C9765890009AA2A /* libsqlite3.tbd in Frameworks */,
				C7E009961906EFFB00A52F98 /* SystemConfiguration.framework in Frameworks */,
				C7284E1E1C976A070009AA2A /* libavfilter.a in Frameworks */,
				C7E009921906EFDB00A52F98 /* Security.framework in Frameworks */,
				C7E009901906EFD100A52F98 /* QuartzCore.framework in Frameworks */,
				C7E0098E1906EFC700A52F98 /* MobileCoreServices.framework in Frameworks */,
				C7284E201C976A070009AA2A /* libavutil.a in Frameworks */,
				C7E0098A1906EFAA00A52F98 /* CoreLocation.framework in Frameworks */,
				C7E009881906EF8B00A52F98 /* CFNetwork.framework in Frameworks */,
				C7284E241C976A070009AA2A /* libx264.a in Frameworks */,
				C7E009861906EF7C00A52F98 /* AudioToolbox.framework in Frameworks */,
				C7284E211C976A070009AA2A /* libswscale.a in Frameworks */,
				C7284E1D1C976A070009AA2A /* libavdevice.a in Frameworks */,
				C7284E221C976A070009AA2A /* MediaLibiOS.a in Frameworks */,
				C779BC68178B869B001734AF /* EventKitUI.framework in Frameworks */,
				C7284E1F1C976A070009AA2A /* libavformat.a in Frameworks */,
				C7284E231C976A070009AA2A /* libspeex.a in Frameworks */,
				C779BC66178B85BB001734AF /* EventKit.framework in Frameworks */,
				C74D43E5177B6B38003052B2 /* UIKit.framework in Frameworks */,
				C74D43E7177B6B38003052B2 /* Foundation.framework in Frameworks */,
				C7284E1C1C976A070009AA2A /* libavcodec.a in Frameworks */,
				C7284E1B1C976A070009AA2A /* CommLibiOS.a in Frameworks */,
				C7284E1A1C976A070009AA2A /* backendless.a in Frameworks */,
				C74D43E9177B6B38003052B2 /* CoreGraphics.framework in Frameworks */,
			);
			runOnlyForDeploymentPostprocessing = 0;
		};
/* End PBXFrameworksBuildPhase section */

/* Begin PBXGroup section */
		C7284D4D1C976A060009AA2A /* lib */ = {
			isa = PBXGroup;
			children = (
				C7284D4E1C976A060009AA2A /* backendless */,
				C7284D921C976A060009AA2A /* CommLibiOS */,
				C7284DA81C976A060009AA2A /* libav-11.4 */,
				C7284E001C976A070009AA2A /* MediaLibiOS3x */,
				C7284E091C976A070009AA2A /* speex-1.2rc2 */,
				C7284E141C976A070009AA2A /* x264 */,
			);
			name = lib;
			path = KelseyHaircut2/lib;
			sourceTree = "<group>";
		};
		C7284D4E1C976A060009AA2A /* backendless */ = {
			isa = PBXGroup;
			children = (
				C7284D4F1C976A060009AA2A /* backendless.a */,
				C7284D501C976A060009AA2A /* include */,
			);
			path = backendless;
			sourceTree = "<group>";
		};
		C7284D501C976A060009AA2A /* include */ = {
			isa = PBXGroup;
			children = (
				C7284D511C976A060009AA2A /* AbstractProperty.h */,
				C7284D521C976A060009AA2A /* AbstractQuery.h */,
				C7284D531C976A060009AA2A /* AtomicCounters.h */,
				C7284D541C976A060009AA2A /* AtomicCountersFactory.h */,
				C7284D551C976A060009AA2A /* Backendless-Bridging-Header.h */,
				C7284D561C976A060009AA2A /* Backendless-With-Media-Bridging-Header.h */,
				C7284D571C976A060009AA2A /* Backendless.h */,
				C7284D581C976A060009AA2A /* BackendlessBeacon.h */,
				C7284D591C976A060009AA2A /* BackendlessCachePolicy.h */,
				C7284D5A1C976A060009AA2A /* BackendlessCacheProtocol.h */,
				C7284D5B1C976A060009AA2A /* BackendlessCollection.h */,
				C7284D5C1C976A060009AA2A /* BackendlessDataQuery.h */,
				C7284D5D1C976A060009AA2A /* BackendlessEntity.h */,
				C7284D5E1C976A060009AA2A /* BackendlessFile.h */,
				C7284D5F1C976A060009AA2A /* BackendlessGeoQuery.h */,
				C7284D601C976A060009AA2A /* BackendlessSimpleQuery.h */,
				C7284D611C976A060009AA2A /* BackendlessUser.h */,
				C7284D621C976A060009AA2A /* BEAnnotation.h */,
				C7284D631C976A060009AA2A /* BECollectionView.h */,
				C7284D641C976A060009AA2A /* BEFileInfo.h */,
				C7284D651C976A060009AA2A /* BEMapView.h */,
				C7284D661C976A060009AA2A /* BESubscription.h */,
				C7284D671C976A060009AA2A /* BETableView.h */,
				C7284D681C976A060009AA2A /* CacheFactory.h */,
				C7284D691C976A060009AA2A /* CacheService.h */,
				C7284D6A1C976A060009AA2A /* CustomService.h */,
				C7284D6B1C976A060009AA2A /* DataPermission.h */,
				C7284D6C1C976A060009AA2A /* DataStoreFactory.h */,
				C7284D6D1C976A060009AA2A /* DeliveryOptions.h */,
				C7284D6E1C976A060009AA2A /* DeviceRegistration.h */,
				C7284D6F1C976A060009AA2A /* Events.h */,
				C7284D701C976A060009AA2A /* FilePermission.h */,
				C7284D711C976A060009AA2A /* FileService.h */,
				C7284D721C976A060009AA2A /* GeoCategory.h */,
				C7284D731C976A060009AA2A /* GeoCluster.h */,
				C7284D741C976A060009AA2A /* GeoFence.h */,
				C7284D751C976A060009AA2A /* GeoPoint.h */,
				C7284D761C976A060009AA2A /* GeoService.h */,
				C7284D771C976A060009AA2A /* HashMap.h */,
				C7284D781C976A060009AA2A /* IAtomicCounters.h */,
				C7284D791C976A060009AA2A /* ICacheService.h */,
				C7284D7A1C976A060009AA2A /* ICallback.h */,
				C7284D7B1C976A060009AA2A /* IDataStore.h */,
				C7284D7C1C976A060009AA2A /* IMediaStreamer.h */,
				C7284D7D1C976A060009AA2A /* IPresenceListener.h */,
				C7284D7E1C976A060009AA2A /* LocationTracker.h */,
				C7284D7F1C976A060009AA2A /* Logger.h */,
				C7284D801C976A060009AA2A /* Logging.h */,
				C7284D811C976A060009AA2A /* MediaPlaybackOptions.h */,
				C7284D821C976A060009AA2A /* MediaPlayer.h */,
				C7284D831C976A060009AA2A /* MediaPublisher.h */,
				C7284D841C976A060009AA2A /* MediaPublishOptions.h */,
				C7284D851C976A060009AA2A /* MediaService.h */,
				C7284D861C976A060009AA2A /* Message.h */,
				C7284D871C976A060009AA2A /* MessageStatus.h */,
				C7284D881C976A060009AA2A /* MessagingService.h */,
				C7284D891C976A060009AA2A /* ObjectProperty.h */,
				C7284D8A1C976A060009AA2A /* PersistenceService.h */,
				C7284D8B1C976A060009AA2A /* Presence.h */,
				C7284D8C1C976A060009AA2A /* ProtectedBackendlessGeoQuery.h */,
				C7284D8D1C976A060009AA2A /* PublishOptions.h */,
				C7284D8E1C976A060009AA2A /* QueryOptions.h */,
				C7284D8F1C976A060009AA2A /* SubscriptionOptions.h */,
				C7284D901C976A060009AA2A /* UserProperty.h */,
				C7284D911C976A060009AA2A /* UserService.h */,
			);
			path = include;
			sourceTree = "<group>";
		};
		C7284D921C976A060009AA2A /* CommLibiOS */ = {
			isa = PBXGroup;
			children = (
				C7284D931C976A060009AA2A /* CommLibiOS.a */,
				C7284D941C976A060009AA2A /* include */,
			);
			path = CommLibiOS;
			sourceTree = "<group>";
		};
		C7284D941C976A060009AA2A /* include */ = {
			isa = PBXGroup;
			children = (
				C7284D951C976A060009AA2A /* AMFSerializer.h */,
				C7284D961C976A060009AA2A /* BinaryCodec.h */,
				C7284D971C976A060009AA2A /* BinaryStream.h */,
				C7284D981C976A060009AA2A /* DEBUG.h */,
				C7284D991C976A060009AA2A /* FlashorbBinaryReader.h */,
				C7284D9A1C976A060009AA2A /* FlashorbBinaryWriter.h */,
				C7284D9B1C976A060009AA2A /* IAttributeStore.h */,
				C7284D9C1C976A060009AA2A /* IClientSharedObject.h */,
				C7284D9D1C976A060009AA2A /* IClientSharedObjectDelegate.h */,
				C7284D9E1C976A060009AA2A /* IPendingServiceCallback.h */,
				C7284D9F1C976A060009AA2A /* IPersistable.h */,
				C7284DA01C976A060009AA2A /* IRTMProtocol.h */,
				C7284DA11C976A060009AA2A /* IServiceCall.h */,
				C7284DA21C976A060009AA2A /* ISharedObjectListener.h */,
				C7284DA31C976A060009AA2A /* MemoryTicker.h */,
				C7284DA41C976A060009AA2A /* Responder.h */,
				C7284DA51C976A060009AA2A /* RTMPClient.h */,
				C7284DA61C976A060009AA2A /* Types.h */,
				C7284DA71C976A060009AA2A /* WeborbClient.h */,
			);
			path = include;
			sourceTree = "<group>";
		};
		C7284DA81C976A060009AA2A /* libav-11.4 */ = {
			isa = PBXGroup;
			children = (
				C7284DA91C976A060009AA2A /* include */,
				C7284DF91C976A070009AA2A /* lib */,
			);
			path = "libav-11.4";
			sourceTree = "<group>";
		};
		C7284DA91C976A060009AA2A /* include */ = {
			isa = PBXGroup;
			children = (
				C7284DAA1C976A060009AA2A /* libavcodec */,
				C7284DB41C976A060009AA2A /* libavdevice */,
				C7284DB71C976A060009AA2A /* libavfilter */,
				C7284DBD1C976A060009AA2A /* libavformat */,
				C7284DC11C976A060009AA2A /* libavresample */,
				C7284DC41C976A060009AA2A /* libavutil */,
				C7284DF61C976A070009AA2A /* libswscale */,
			);
			path = include;
			sourceTree = "<group>";
		};
		C7284DAA1C976A060009AA2A /* libavcodec */ = {
			isa = PBXGroup;
			children = (
				C7284DAB1C976A060009AA2A /* avcodec.h */,
				C7284DAC1C976A060009AA2A /* avfft.h */,
				C7284DAD1C976A060009AA2A /* dv_profile.h */,
				C7284DAE1C976A060009AA2A /* dxva2.h */,
				C7284DAF1C976A060009AA2A /* vaapi.h */,
				C7284DB01C976A060009AA2A /* vda.h */,
				C7284DB11C976A060009AA2A /* vdpau.h */,
				C7284DB21C976A060009AA2A /* version.h */,
				C7284DB31C976A060009AA2A /* xvmc.h */,
			);
			path = libavcodec;
			sourceTree = "<group>";
		};
		C7284DB41C976A060009AA2A /* libavdevice */ = {
			isa = PBXGroup;
			children = (
				C7284DB51C976A060009AA2A /* avdevice.h */,
				C7284DB61C976A060009AA2A /* version.h */,
			);
			path = libavdevice;
			sourceTree = "<group>";
		};
		C7284DB71C976A060009AA2A /* libavfilter */ = {
			isa = PBXGroup;
			children = (
				C7284DB81C976A060009AA2A /* avfilter.h */,
				C7284DB91C976A060009AA2A /* avfiltergraph.h */,
				C7284DBA1C976A060009AA2A /* buffersink.h */,
				C7284DBB1C976A060009AA2A /* buffersrc.h */,
				C7284DBC1C976A060009AA2A /* version.h */,
			);
			path = libavfilter;
			sourceTree = "<group>";
		};
		C7284DBD1C976A060009AA2A /* libavformat */ = {
			isa = PBXGroup;
			children = (
				C7284DBE1C976A060009AA2A /* avformat.h */,
				C7284DBF1C976A060009AA2A /* avio.h */,
				C7284DC01C976A060009AA2A /* version.h */,
			);
			path = libavformat;
			sourceTree = "<group>";
		};
		C7284DC11C976A060009AA2A /* libavresample */ = {
			isa = PBXGroup;
			children = (
				C7284DC21C976A060009AA2A /* avresample.h */,
				C7284DC31C976A060009AA2A /* version.h */,
			);
			path = libavresample;
			sourceTree = "<group>";
		};
		C7284DC41C976A060009AA2A /* libavutil */ = {
			isa = PBXGroup;
			children = (
				C7284DC51C976A060009AA2A /* adler32.h */,
				C7284DC61C976A060009AA2A /* aes.h */,
				C7284DC71C976A060009AA2A /* attributes.h */,
				C7284DC81C976A060009AA2A /* audio_fifo.h */,
				C7284DC91C976A060009AA2A /* audioconvert.h */,
				C7284DCA1C976A060009AA2A /* avassert.h */,
				C7284DCB1C976A060009AA2A /* avconfig.h */,
				C7284DCC1C976A060009AA2A /* avstring.h */,
				C7284DCD1C976A060009AA2A /* avutil.h */,
				C7284DCE1C976A060009AA2A /* base64.h */,
				C7284DCF1C976A060009AA2A /* blowfish.h */,
				C7284DD01C976A060009AA2A /* bswap.h */,
				C7284DD11C976A060009AA2A /* buffer.h */,
				C7284DD21C976A060009AA2A /* channel_layout.h */,
				C7284DD31C976A060009AA2A /* common.h */,
				C7284DD41C976A060009AA2A /* cpu.h */,
				C7284DD51C976A060009AA2A /* crc.h */,
				C7284DD61C976A060009AA2A /* dict.h */,
				C7284DD71C976A060009AA2A /* display.h */,
				C7284DD81C976A060009AA2A /* downmix_info.h */,
				C7284DD91C976A060009AA2A /* error.h */,
				C7284DDA1C976A060009AA2A /* eval.h */,
				C7284DDB1C976A060009AA2A /* fifo.h */,
				C7284DDC1C976A060009AA2A /* file.h */,
				C7284DDD1C976A060009AA2A /* frame.h */,
				C7284DDE1C976A060009AA2A /* hmac.h */,
				C7284DDF1C976A060009AA2A /* imgutils.h */,
				C7284DE01C976A060009AA2A /* intfloat.h */,
				C7284DE11C976A060009AA2A /* intreadwrite.h */,
				C7284DE21C976A060009AA2A /* lfg.h */,
				C7284DE31C976A060009AA2A /* log.h */,
				C7284DE41C976A060009AA2A /* macros.h */,
				C7284DE51C976A060009AA2A /* mathematics.h */,
				C7284DE61C976A060009AA2A /* md5.h */,
				C7284DE71C976A060009AA2A /* mem.h */,
				C7284DE81C976A060009AA2A /* old_pix_fmts.h */,
				C7284DE91C976A060009AA2A /* opt.h */,
				C7284DEA1C976A060009AA2A /* parseutils.h */,
				C7284DEB1C976A060009AA2A /* pixdesc.h */,
				C7284DEC1C976A060009AA2A /* pixfmt.h */,
				C7284DED1C976A060009AA2A /* random_seed.h */,
				C7284DEE1C976A060009AA2A /* rational.h */,
				C7284DEF1C976A060009AA2A /* replaygain.h */,
				C7284DF01C976A070009AA2A /* samplefmt.h */,
				C7284DF11C976A070009AA2A /* sha.h */,
				C7284DF21C976A070009AA2A /* stereo3d.h */,
				C7284DF31C976A070009AA2A /* time.h */,
				C7284DF41C976A070009AA2A /* version.h */,
				C7284DF51C976A070009AA2A /* xtea.h */,
			);
			path = libavutil;
			sourceTree = "<group>";
		};
		C7284DF61C976A070009AA2A /* libswscale */ = {
			isa = PBXGroup;
			children = (
				C7284DF71C976A070009AA2A /* swscale.h */,
				C7284DF81C976A070009AA2A /* version.h */,
			);
			path = libswscale;
			sourceTree = "<group>";
		};
		C7284DF91C976A070009AA2A /* lib */ = {
			isa = PBXGroup;
			children = (
				C7284DFA1C976A070009AA2A /* libavcodec.a */,
				C7284DFB1C976A070009AA2A /* libavdevice.a */,
				C7284DFC1C976A070009AA2A /* libavfilter.a */,
				C7284DFD1C976A070009AA2A /* libavformat.a */,
				C7284DFE1C976A070009AA2A /* libavutil.a */,
				C7284DFF1C976A070009AA2A /* libswscale.a */,
			);
			path = lib;
			sourceTree = "<group>";
		};
		C7284E001C976A070009AA2A /* MediaLibiOS3x */ = {
			isa = PBXGroup;
			children = (
				C7284E011C976A070009AA2A /* include */,
				C7284E081C976A070009AA2A /* MediaLibiOS.a */,
			);
			path = MediaLibiOS3x;
			sourceTree = "<group>";
		};
		C7284E011C976A070009AA2A /* include */ = {
			isa = PBXGroup;
			children = (
				C7284E021C976A070009AA2A /* BroadcastStreamClient.h */,
				C7284E031C976A070009AA2A /* MediaStreamPlayer.h */,
				C7284E041C976A070009AA2A /* MPMediaData.h */,
				C7284E051C976A070009AA2A /* MPMediaDecoder.h */,
				C7284E061C976A070009AA2A /* MPMediaEncoder.h */,
				C7284E071C976A070009AA2A /* VideoPlayer.h */,
			);
			path = include;
			sourceTree = "<group>";
		};
		C7284E091C976A070009AA2A /* speex-1.2rc2 */ = {
			isa = PBXGroup;
			children = (
				C7284E0A1C976A070009AA2A /* include */,
				C7284E121C976A070009AA2A /* lib */,
			);
			path = "speex-1.2rc2";
			sourceTree = "<group>";
		};
		C7284E0A1C976A070009AA2A /* include */ = {
			isa = PBXGroup;
			children = (
				C7284E0B1C976A070009AA2A /* speex.h */,
				C7284E0C1C976A070009AA2A /* speex_bits.h */,
				C7284E0D1C976A070009AA2A /* speex_callbacks.h */,
				C7284E0E1C976A070009AA2A /* speex_config_types.h */,
				C7284E0F1C976A070009AA2A /* speex_header.h */,
				C7284E101C976A070009AA2A /* speex_stereo.h */,
				C7284E111C976A070009AA2A /* speex_types.h */,
			);
			path = include;
			sourceTree = "<group>";
		};
		C7284E121C976A070009AA2A /* lib */ = {
			isa = PBXGroup;
			children = (
				C7284E131C976A070009AA2A /* libspeex.a */,
			);
			path = lib;
			sourceTree = "<group>";
		};
		C7284E141C976A070009AA2A /* x264 */ = {
			isa = PBXGroup;
			children = (
				C7284E151C976A070009AA2A /* include */,
				C7284E181C976A070009AA2A /* lib */,
			);
			path = x264;
			sourceTree = "<group>";
		};
		C7284E151C976A070009AA2A /* include */ = {
			isa = PBXGroup;
			children = (
				C7284E161C976A070009AA2A /* x264.h */,
				C7284E171C976A070009AA2A /* x264_config.h */,
			);
			path = include;
			sourceTree = "<group>";
		};
		C7284E181C976A070009AA2A /* lib */ = {
			isa = PBXGroup;
			children = (
				C7284E191C976A070009AA2A /* libx264.a */,
			);
			path = lib;
			sourceTree = "<group>";
		};
		C7284E2B1C9802020009AA2A /* SWRevealViewController */ = {
			isa = PBXGroup;
			children = (
			);
			name = SWRevealViewController;
			sourceTree = "<group>";
		};
		C74D43D8177B6B38003052B2 = {
			isa = PBXGroup;
			children = (
				C7284E251C976EBD0009AA2A /* HoursObject.h */,
				C7284E261C976EBD0009AA2A /* HoursObject.m */,
				C7284E271C976EBD0009AA2A /* ServicesObject.h */,
				C7284E281C976EBD0009AA2A /* ServicesObject.m */,
				C7284D4D1C976A060009AA2A /* lib */,
				C7F980A017DEB23600A186A2 /* kelseycard.jpg */,
				C779BC67178B869B001734AF /* EventKitUI.framework */,
				C779BC65178B85BB001734AF /* EventKit.framework */,
				C74D43EA177B6B38003052B2 /* KelseyHaircut2 */,
				C74D43E3177B6B38003052B2 /* Frameworks */,
				C74D43E2177B6B38003052B2 /* Products */,
			);
			sourceTree = "<group>";
		};
		C74D43E2177B6B38003052B2 /* Products */ = {
			isa = PBXGroup;
			children = (
				C74D43E1177B6B38003052B2 /* Kelsey Haircut.app */,
			);
			name = Products;
			sourceTree = "<group>";
		};
		C74D43E3177B6B38003052B2 /* Frameworks */ = {
			isa = PBXGroup;
			children = (
				C7284D341C9765950009AA2A /* libz.tbd */,
				C7284D321C9765890009AA2A /* libsqlite3.tbd */,
				C7E009951906EFFB00A52F98 /* SystemConfiguration.framework */,
				C7E009911906EFDB00A52F98 /* Security.framework */,
				C7E0098F1906EFD100A52F98 /* QuartzCore.framework */,
				C7E0098D1906EFC700A52F98 /* MobileCoreServices.framework */,
				C7E009891906EFAA00A52F98 /* CoreLocation.framework */,
				C7E009871906EF8B00A52F98 /* CFNetwork.framework */,
				C7E009851906EF7C00A52F98 /* AudioToolbox.framework */,
				C7E009831906EF2900A52F98 /* Parse.framework */,
				C74D43E4177B6B38003052B2 /* UIKit.framework */,
				C74D43E6177B6B38003052B2 /* Foundation.framework */,
				C74D43E8177B6B38003052B2 /* CoreGraphics.framework */,
			);
			name = Frameworks;
			sourceTree = "<group>";
		};
		C74D43EA177B6B38003052B2 /* KelseyHaircut2 */ = {
			isa = PBXGroup;
			children = (
				C7284E2B1C9802020009AA2A /* SWRevealViewController */,
				C74D43F3177B6B38003052B2 /* AppDelegate.h */,
				C74D43F4177B6B38003052B2 /* AppDelegate.m */,
				C74D43FC177B6B38003052B2 /* MainStoryboard.storyboard */,
				C7F980A217DEC28000A186A2 /* AboutKelseyViewController.h */,
				C7F980A317DEC28000A186A2 /* AboutKelseyViewController.m */,
				C74D444C177B8BD8003052B2 /* GalleryViewController.h */,
				C74D444D177B8BD8003052B2 /* GalleryViewController.m */,
				C74D43FF177B6B38003052B2 /* ViewController.h */,
				C74D4400177B6B38003052B2 /* ViewController.m */,
				C7E0099A1906F63200A52F98 /* ScheduleCell.h */,
				C7E0099B1906F63200A52F98 /* ScheduleCell.m */,
				C7E0099D1906F6F700A52F98 /* ScheduleViewController.h */,
				C7E0099E1906F6F700A52F98 /* ScheduleViewController.m */,
				C7125D8919072A5B002FA676 /* ServicesViewController.h */,
				C7125D8A19072A5B002FA676 /* ServicesViewController.m */,
				C7125D8C19072A77002FA676 /* ServicesCell.h */,
				C7125D8D19072A77002FA676 /* ServicesCell.m */,
				C7B402E617DE63F2003CD55B /* servicesbutton1.png */,
				C74D4420177B73E6003052B2 /* aboutkelsey5.jpg */,
				C771DF23195A0EEC00702BA3 /* hoursofoperation.png */,
				C771DF1F195A0DC500702BA3 /* ak2.png */,
				C771DF25195A223C00702BA3 /* khphotos */,
				C74D4426177B7D76003052B2 /* services_tab1.jpg */,
				C7B402EC17DE68FC003CD55B /* callkelseyicon.png */,
				C7454C9C18A40C71003CCC34 /* wallpaperblackconcretelong.jpg */,
				C771DF1D195A0DBB00702BA3 /* servicesbutton1bw.png */,
				C771DF1B195A0DB500702BA3 /* galleryicon3.png */,
				C771DF21195A0DCA00702BA3 /* calendar2.png */,
				C7454CD218A4274E003CCC34 /* Default-568h@2x.png */,
				C7454CD318A4274E003CCC34 /* Default~iphone.png */,
				C7454CD418A4274E003CCC34 /* Default.png */,
				C7454C9D18A40C71003CCC34 /* wallpaperblackconcreteshort.jpg */,
				C7454CAE18A412E1003CCC34 /* emailkelseybutton3.png */,
				C7454CB018A417C1003CCC34 /* hoursopenbw.png */,
				C73CE9B91794E2B40086B9CF /* calendar.png */,
				C7454CA818A40E87003CCC34 /* callkelseyicon2.png */,
				C73CE9B71794E2670086B9CF /* greenapplelogo.png */,
				C7454CAA18A40EA3003CCC34 /* galleryicon2.png */,
				C7454CA618A40DDA003CCC34 /* googlemapsbutton.png */,
				C74D4427177B7D76003052B2 /* services_tab2.jpg */,
				C74D4428177B7D76003052B2 /* services_tab3.jpg */,
				C74D4424177B74F8003052B2 /* hoursopen.png */,
				C73C97FD18A4734500B8B346 /* Images.xcassets */,
				C74D43EB177B6B38003052B2 /* Supporting Files */,
				C7F5346E1AB364B600CC8538 /* AppointmentViewController.swift */,
				C7F5346D1AB364B500CC8538 /* KelseyHaircut2-Bridging-Header.h */,
			);
			path = KelseyHaircut2;
			sourceTree = "<group>";
		};
		C74D43EB177B6B38003052B2 /* Supporting Files */ = {
			isa = PBXGroup;
			children = (
				C74D43EC177B6B38003052B2 /* KelseyHaircut2-Info.plist */,
				C74D43ED177B6B38003052B2 /* InfoPlist.strings */,
				C74D43F0177B6B38003052B2 /* main.m */,
				C74D43F2177B6B38003052B2 /* KelseyHaircut2-Prefix.pch */,
			);
			name = "Supporting Files";
			sourceTree = "<group>";
		};
		C771DF25195A223C00702BA3 /* khphotos */ = {
			isa = PBXGroup;
			children = (
				C771DF26195A223C00702BA3 /* k1.jpg */,
				C771DF27195A223C00702BA3 /* k2.jpg */,
				C771DF28195A223C00702BA3 /* k3.jpg */,
				C7F5346B1AB3574700CC8538 /* khappointmentbutton.png */,
				C771DF29195A223C00702BA3 /* k4.png */,
				C771DF2A195A223C00702BA3 /* sp0.jpg */,
				C771DF2B195A223C00702BA3 /* sp1.jpg */,
				C771DF2C195A223C00702BA3 /* sp2.jpg */,
				C771DF2D195A223C00702BA3 /* sp3.jpg */,
				C771DF2E195A223C00702BA3 /* sp4.jpg */,
				C74A857D1A5C86C600D36356 /* phoneicon.PNG */,
				C771DF2F195A223C00702BA3 /* sp5.jpg */,
				C771DF30195A223C00702BA3 /* sp6.jpg */,
				C771DF31195A223C00702BA3 /* sp7.jpeg */,
				C771DF32195A223C00702BA3 /* sp8.jpeg */,
				C771DF33195A223C00702BA3 /* style1.jpg */,
				C771DF34195A223C00702BA3 /* style2.jpg */,
				C771DF35195A223C00702BA3 /* style3.jpg */,
				C771DF36195A223C00702BA3 /* style4.jpg */,
				C771DF37195A223C00702BA3 /* style5.jpg */,
				C771DF38195A223C00702BA3 /* style6.jpg */,
				C771DF39195A223C00702BA3 /* style7.jpg */,
				C771DF3A195A223C00702BA3 /* style8.jpg */,
				C771DF3B195A223C00702BA3 /* style9.jpg */,
			);
			path = khphotos;
			sourceTree = "<group>";
		};
/* End PBXGroup section */

/* Begin PBXNativeTarget section */
		C74D43E0177B6B38003052B2 /* KelseyHaircut2 */ = {
			isa = PBXNativeTarget;
			buildConfigurationList = C74D4404177B6B38003052B2 /* Build configuration list for PBXNativeTarget "KelseyHaircut2" */;
			buildPhases = (
				C74D43DD177B6B38003052B2 /* Sources */,
				C74D43DE177B6B38003052B2 /* Frameworks */,
				C74D43DF177B6B38003052B2 /* Resources */,
			);
			buildRules = (
			);
			dependencies = (
			);
			name = KelseyHaircut2;
			productName = KelseyHaircut2;
			productReference = C74D43E1177B6B38003052B2 /* Kelsey Haircut.app */;
			productType = "com.apple.product-type.application";
		};
/* End PBXNativeTarget section */

/* Begin PBXProject section */
		C74D43D9177B6B38003052B2 /* Project object */ = {
			isa = PBXProject;
			attributes = {
				LastSwiftUpdateCheck = 0700;
				LastUpgradeCheck = 0700;
				ORGANIZATIONNAME = me;
				TargetAttributes = {
					C74D43E0177B6B38003052B2 = {
						DevelopmentTeam = 3K9YC2X2EU;
						SystemCapabilities = {
							com.apple.InAppPurchase = {
								enabled = 0;
							};
						};
					};
				};
			};
			buildConfigurationList = C74D43DC177B6B38003052B2 /* Build configuration list for PBXProject "KelseyHaircut2" */;
			compatibilityVersion = "Xcode 3.2";
			developmentRegion = English;
			hasScannedForEncodings = 0;
			knownRegions = (
				en,
			);
			mainGroup = C74D43D8177B6B38003052B2;
			productRefGroup = C74D43E2177B6B38003052B2 /* Products */;
			projectDirPath = "";
			projectRoot = "";
			targets = (
				C74D43E0177B6B38003052B2 /* KelseyHaircut2 */,
			);
		};
/* End PBXProject section */

/* Begin PBXResourcesBuildPhase section */
		C74D43DF177B6B38003052B2 /* Resources */ = {
			isa = PBXResourcesBuildPhase;
			buildActionMask = 2147483647;
			files = (
				C7454CDB18A4274E003CCC34 /* Default.png in Resources */,
				C74A857E1A5C86C600D36356 /* phoneicon.PNG in Resources */,
				C7454CB118A417C1003CCC34 /* hoursopenbw.png in Resources */,
				C74D43EF177B6B38003052B2 /* InfoPlist.strings in Resources */,
				C74D43FE177B6B38003052B2 /* MainStoryboard.storyboard in Resources */,
				C771DF3F195A223C00702BA3 /* k4.png in Resources */,
				C771DF51195A223C00702BA3 /* style9.jpg in Resources */,
				C771DF24195A0EEC00702BA3 /* hoursofoperation.png in Resources */,
				C7454CAF18A412E1003CCC34 /* emailkelseybutton3.png in Resources */,
				C74D4421177B73E6003052B2 /* aboutkelsey5.jpg in Resources */,
				C7454CA918A40E88003CCC34 /* callkelseyicon2.png in Resources */,
				C771DF4F195A223C00702BA3 /* style7.jpg in Resources */,
				C7F5346C1AB3574700CC8538 /* khappointmentbutton.png in Resources */,
				C771DF1C195A0DB500702BA3 /* galleryicon3.png in Resources */,
				C74D4425177B74F8003052B2 /* hoursopen.png in Resources */,
				C74D4429177B7D76003052B2 /* services_tab1.jpg in Resources */,
				C771DF4E195A223C00702BA3 /* style6.jpg in Resources */,
				C771DF44195A223C00702BA3 /* sp4.jpg in Resources */,
				C771DF1E195A0DBB00702BA3 /* servicesbutton1bw.png in Resources */,
				C74D442A177B7D76003052B2 /* services_tab2.jpg in Resources */,
				C74D442B177B7D76003052B2 /* services_tab3.jpg in Resources */,
				C7454C9E18A40C71003CCC34 /* wallpaperblackconcretelong.jpg in Resources */,
				C73C97FE18A4734500B8B346 /* Images.xcassets in Resources */,
				C771DF50195A223C00702BA3 /* style8.jpg in Resources */,
				C771DF42195A223C00702BA3 /* sp2.jpg in Resources */,
				C771DF22195A0DCA00702BA3 /* calendar2.png in Resources */,
				C7454CA718A40DDB003CCC34 /* googlemapsbutton.png in Resources */,
				C771DF4B195A223C00702BA3 /* style3.jpg in Resources */,
				C771DF43195A223C00702BA3 /* sp3.jpg in Resources */,
				C771DF3E195A223C00702BA3 /* k3.jpg in Resources */,
				C7454CD918A4274E003CCC34 /* Default-568h@2x.png in Resources */,
				C771DF49195A223C00702BA3 /* style1.jpg in Resources */,
				C771DF4D195A223C00702BA3 /* style5.jpg in Resources */,
				C771DF3D195A223C00702BA3 /* k2.jpg in Resources */,
				C771DF40195A223C00702BA3 /* sp0.jpg in Resources */,
				C771DF20195A0DC500702BA3 /* ak2.png in Resources */,
				C771DF3C195A223C00702BA3 /* k1.jpg in Resources */,
				C771DF4C195A223C00702BA3 /* style4.jpg in Resources */,
				C771DF41195A223C00702BA3 /* sp1.jpg in Resources */,
				C7454CAB18A40EA3003CCC34 /* galleryicon2.png in Resources */,
				C7454CDA18A4274E003CCC34 /* Default~iphone.png in Resources */,
				C7454C9F18A40C71003CCC34 /* wallpaperblackconcreteshort.jpg in Resources */,
				C73CE9B81794E2670086B9CF /* greenapplelogo.png in Resources */,
				C73CE9BA1794E2B40086B9CF /* calendar.png in Resources */,
				C771DF4A195A223C00702BA3 /* style2.jpg in Resources */,
				C771DF47195A223C00702BA3 /* sp7.jpeg in Resources */,
				C771DF46195A223C00702BA3 /* sp6.jpg in Resources */,
				C771DF45195A223C00702BA3 /* sp5.jpg in Resources */,
				C7B402E717DE63F2003CD55B /* servicesbutton1.png in Resources */,
				C771DF48195A223C00702BA3 /* sp8.jpeg in Resources */,
				C7B402ED17DE68FC003CD55B /* callkelseyicon.png in Resources */,
				C7F980A117DEB23600A186A2 /* kelseycard.jpg in Resources */,
			);
			runOnlyForDeploymentPostprocessing = 0;
		};
/* End PBXResourcesBuildPhase section */

/* Begin PBXSourcesBuildPhase section */
		C74D43DD177B6B38003052B2 /* Sources */ = {
			isa = PBXSourcesBuildPhase;
			buildActionMask = 2147483647;
			files = (
				C74D43F1177B6B38003052B2 /* main.m in Sources */,
				C7E0099C1906F63200A52F98 /* ScheduleCell.m in Sources */,
				C74D43F5177B6B38003052B2 /* AppDelegate.m in Sources */,
				C7125D8E19072A77002FA676 /* ServicesCell.m in Sources */,
				C7284E291C976EBD0009AA2A /* HoursObject.m in Sources */,
				C74D4401177B6B38003052B2 /* ViewController.m in Sources */,
				C7284E2A1C976EBD0009AA2A /* ServicesObject.m in Sources */,
				C74D444E177B8BD8003052B2 /* GalleryViewController.m in Sources */,
				C7F980A417DEC28000A186A2 /* AboutKelseyViewController.m in Sources */,
				C7125D8B19072A5B002FA676 /* ServicesViewController.m in Sources */,
				C7F5346F1AB364B600CC8538 /* AppointmentViewController.swift in Sources */,
				C7E0099F1906F6F700A52F98 /* ScheduleViewController.m in Sources */,
			);
			runOnlyForDeploymentPostprocessing = 0;
		};
/* End PBXSourcesBuildPhase section */

/* Begin PBXVariantGroup section */
		C74D43ED177B6B38003052B2 /* InfoPlist.strings */ = {
			isa = PBXVariantGroup;
			children = (
				C74D43EE177B6B38003052B2 /* en */,
			);
			name = InfoPlist.strings;
			sourceTree = "<group>";
		};
		C74D43FC177B6B38003052B2 /* MainStoryboard.storyboard */ = {
			isa = PBXVariantGroup;
			children = (
				C74D43FD177B6B38003052B2 /* en */,
			);
			name = MainStoryboard.storyboard;
			sourceTree = "<group>";
		};
/* End PBXVariantGroup section */

/* Begin XCBuildConfiguration section */
		C74D4402177B6B38003052B2 /* Debug */ = {
			isa = XCBuildConfiguration;
			buildSettings = {
				ALWAYS_SEARCH_USER_PATHS = NO;
				CLANG_CXX_LANGUAGE_STANDARD = "gnu++0x";
				CLANG_CXX_LIBRARY = "libc++";
				CLANG_WARN_CONSTANT_CONVERSION = YES;
				CLANG_WARN_EMPTY_BODY = YES;
				CLANG_WARN_ENUM_CONVERSION = YES;
				CLANG_WARN_INT_CONVERSION = YES;
				CLANG_WARN__DUPLICATE_METHOD_MATCH = YES;
				CODE_SIGN_IDENTITY = "iPhone Developer: Peter Coman (SNEJ3QBL47)";
				"CODE_SIGN_IDENTITY[sdk=iphoneos*]" = "iPhone Developer: Peter Coman (SNEJ3QBL47)";
				COPY_PHASE_STRIP = NO;
				ENABLE_TESTABILITY = YES;
				GCC_C_LANGUAGE_STANDARD = gnu99;
				GCC_DYNAMIC_NO_PIC = NO;
				GCC_OPTIMIZATION_LEVEL = 0;
				GCC_PREPROCESSOR_DEFINITIONS = (
					"DEBUG=1",
					"$(inherited)",
				);
				GCC_SYMBOLS_PRIVATE_EXTERN = NO;
				GCC_WARN_ABOUT_RETURN_TYPE = YES;
				GCC_WARN_UNINITIALIZED_AUTOS = YES;
				GCC_WARN_UNUSED_VARIABLE = YES;
				IPHONEOS_DEPLOYMENT_TARGET = 7.0;
				ONLY_ACTIVE_ARCH = YES;
				PROVISIONING_PROFILE = "";
				"PROVISIONING_PROFILE[sdk=iphoneos*]" = "";
				SDKROOT = iphoneos;
				VALIDATE_PRODUCT = YES;
			};
			name = Debug;
		};
		C74D4403177B6B38003052B2 /* Release */ = {
			isa = XCBuildConfiguration;
			buildSettings = {
				ALWAYS_SEARCH_USER_PATHS = NO;
				CLANG_CXX_LANGUAGE_STANDARD = "gnu++0x";
				CLANG_CXX_LIBRARY = "libc++";
				CLANG_WARN_CONSTANT_CONVERSION = YES;
				CLANG_WARN_EMPTY_BODY = YES;
				CLANG_WARN_ENUM_CONVERSION = YES;
				CLANG_WARN_INT_CONVERSION = YES;
				CLANG_WARN__DUPLICATE_METHOD_MATCH = YES;
				CODE_SIGN_IDENTITY = "iPhone Distribution: Peter Coman (3K9YC2X2EU)";
				"CODE_SIGN_IDENTITY[sdk=iphoneos*]" = "iPhone Distribution: Peter Coman (3K9YC2X2EU)";
				COPY_PHASE_STRIP = YES;
				GCC_C_LANGUAGE_STANDARD = gnu99;
				GCC_WARN_ABOUT_RETURN_TYPE = YES;
				GCC_WARN_UNINITIALIZED_AUTOS = YES;
				GCC_WARN_UNUSED_VARIABLE = YES;
				IPHONEOS_DEPLOYMENT_TARGET = 7.0;
				ONLY_ACTIVE_ARCH = YES;
				OTHER_CFLAGS = "-DNS_BLOCK_ASSERTIONS=1";
				PROVISIONING_PROFILE = "";
				"PROVISIONING_PROFILE[sdk=iphoneos*]" = "";
				SDKROOT = iphoneos;
				VALIDATE_PRODUCT = YES;
			};
			name = Release;
		};
		C74D4405177B6B38003052B2 /* Debug */ = {
			isa = XCBuildConfiguration;
			buildSettings = {
				ASSETCATALOG_COMPILER_APPICON_NAME = AppIcon;
				ASSETCATALOG_COMPILER_LAUNCHIMAGE_NAME = LaunchImage;
				CLANG_ENABLE_MODULES = YES;
				CODE_SIGN_IDENTITY = "iPhone Developer";
				"CODE_SIGN_IDENTITY[sdk=iphoneos*]" = "iPhone Developer";
				ENABLE_BITCODE = NO;
				FRAMEWORK_SEARCH_PATHS = (
					"$(inherited)",
					/Users/gazelle/Desktop/comapps/KelseyHaircut2,
				);
				GCC_PRECOMPILE_PREFIX_HEADER = YES;
				GCC_PREFIX_HEADER = "KelseyHaircut2/KelseyHaircut2-Prefix.pch";
				INFOPLIST_FILE = "KelseyHaircut2/KelseyHaircut2-Info.plist";
				IPHONEOS_DEPLOYMENT_TARGET = 7.0;
				LD_RUNPATH_SEARCH_PATHS = "$(inherited) @executable_path/Frameworks";
				LIBRARY_SEARCH_PATHS = (
					"$(Inherited)",
					"$(PROJECT_DIR)/KelseyHaircut2/lib/backendless",
					"$(PROJECT_DIR)/KelseyHaircut2/lib/CommLibiOS",
					"$(PROJECT_DIR)/KelseyHaircut2/lib/libav-11.4/lib",
					"$(PROJECT_DIR)/KelseyHaircut2/lib/MediaLibiOS3x",
					"$(PROJECT_DIR)/KelseyHaircut2/lib/speex-1.2rc2/lib",
					"$(PROJECT_DIR)/KelseyHaircut2/lib/x264/lib",
				);
				ONLY_ACTIVE_ARCH = YES;
				PRODUCT_BUNDLE_IDENTIFIER = comapps.KelseyHaircut2;
				PRODUCT_NAME = Studio4;
				PROVISIONING_PROFILE = "";
				"PROVISIONING_PROFILE[sdk=iphoneos*]" = "";
				SWIFT_OBJC_BRIDGING_HEADER = "KelseyHaircut2/KelseyHaircut2-Bridging-Header.h";
				SWIFT_OPTIMIZATION_LEVEL = "-Onone";
				TARGETED_DEVICE_FAMILY = "1,2";
				WRAPPER_EXTENSION = app;
			};
			name = Debug;
		};
		C74D4406177B6B38003052B2 /* Release */ = {
			isa = XCBuildConfiguration;
			buildSettings = {
				ASSETCATALOG_COMPILER_APPICON_NAME = AppIcon;
				ASSETCATALOG_COMPILER_LAUNCHIMAGE_NAME = LaunchImage;
				CLANG_ENABLE_MODULES = YES;
				CODE_SIGN_IDENTITY = "iPhone Developer";
				"CODE_SIGN_IDENTITY[sdk=iphoneos*]" = "iPhone Developer";
				ENABLE_BITCODE = NO;
				FRAMEWORK_SEARCH_PATHS = (
					"$(inherited)",
					/Users/gazelle/Desktop/comapps/KelseyHaircut2,
				);
				GCC_PRECOMPILE_PREFIX_HEADER = YES;
				GCC_PREFIX_HEADER = "KelseyHaircut2/KelseyHaircut2-Prefix.pch";
				INFOPLIST_FILE = "KelseyHaircut2/KelseyHaircut2-Info.plist";
				IPHONEOS_DEPLOYMENT_TARGET = 7.0;
				LD_RUNPATH_SEARCH_PATHS = "$(inherited) @executable_path/Frameworks";
				LIBRARY_SEARCH_PATHS = (
					"$(Inherited)",
					"$(PROJECT_DIR)/KelseyHaircut2/lib/backendless",
					"$(PROJECT_DIR)/KelseyHaircut2/lib/CommLibiOS",
					"$(PROJECT_DIR)/KelseyHaircut2/lib/libav-11.4/lib",
					"$(PROJECT_DIR)/KelseyHaircut2/lib/MediaLibiOS3x",
					"$(PROJECT_DIR)/KelseyHaircut2/lib/speex-1.2rc2/lib",
					"$(PROJECT_DIR)/KelseyHaircut2/lib/x264/lib",
				);
				ONLY_ACTIVE_ARCH = NO;
				PRODUCT_BUNDLE_IDENTIFIER = comapps.KelseyHaircut2;
				PRODUCT_NAME = Studio4;
				PROVISIONING_PROFILE = "";
				"PROVISIONING_PROFILE[sdk=iphoneos*]" = "";
				SWIFT_OBJC_BRIDGING_HEADER = "KelseyHaircut2/KelseyHaircut2-Bridging-Header.h";
				TARGETED_DEVICE_FAMILY = "1,2";
				WRAPPER_EXTENSION = app;
			};
			name = Release;
		};
/* End XCBuildConfiguration section */

/* Begin XCConfigurationList section */
		C74D43DC177B6B38003052B2 /* Build configuration list for PBXProject "KelseyHaircut2" */ = {
			isa = XCConfigurationList;
			buildConfigurations = (
				C74D4402177B6B38003052B2 /* Debug */,
				C74D4403177B6B38003052B2 /* Release */,
			);
			defaultConfigurationIsVisible = 0;
			defaultConfigurationName = Release;
		};
		C74D4404177B6B38003052B2 /* Build configuration list for PBXNativeTarget "KelseyHaircut2" */ = {
			isa = XCConfigurationList;
			buildConfigurations = (
				C74D4405177B6B38003052B2 /* Debug */,
				C74D4406177B6B38003052B2 /* Release */,
			);
			defaultConfigurationIsVisible = 0;
			defaultConfigurationName = Release;
		};
/* End XCConfigurationList section */
	};
	rootObject = C74D43D9177B6B38003052B2 /* Project object */;
}
